// !$*UTF8*$!
{
	archiveVersion = 1;
	classes = {
	};
	objectVersion = 50;
	objects = {

/* Begin PBXBuildFile section */
		851784DD23415D5B00FC3211 /* datalog1.txt in CopyFiles */ = {isa = PBXBuildFile; fileRef = 851784DC23415D3600FC3211 /* datalog1.txt */; };
		854ED21D234D3C49004B761E /* answer0-2.txt in CopyFiles */ = {isa = PBXBuildFile; fileRef = 854ED209234D3C3A004B761E /* answer0-2.txt */; };
		854ED21E234D3C49004B761E /* answer0.txt in CopyFiles */ = {isa = PBXBuildFile; fileRef = 854ED20D234D3C3B004B761E /* answer0.txt */; };
		854ED21F234D3C49004B761E /* answer1-2.txt in CopyFiles */ = {isa = PBXBuildFile; fileRef = 854ED208234D3C3A004B761E /* answer1-2.txt */; };
		854ED220234D3C49004B761E /* answer1.txt in CopyFiles */ = {isa = PBXBuildFile; fileRef = 854ED217234D3C3D004B761E /* answer1.txt */; };
		854ED221234D3C49004B761E /* answer2-2.txt in CopyFiles */ = {isa = PBXBuildFile; fileRef = 854ED20F234D3C3B004B761E /* answer2-2.txt */; };
		854ED222234D3C49004B761E /* answer2.txt in CopyFiles */ = {isa = PBXBuildFile; fileRef = 854ED212234D3C3C004B761E /* answer2.txt */; };
		854ED223234D3C49004B761E /* answer3.txt in CopyFiles */ = {isa = PBXBuildFile; fileRef = 854ED206234D3C3A004B761E /* answer3.txt */; };
		854ED224234D3C49004B761E /* answer4.txt in CopyFiles */ = {isa = PBXBuildFile; fileRef = 854ED207234D3C3A004B761E /* answer4.txt */; };
		854ED225234D3C49004B761E /* answer5.txt in CopyFiles */ = {isa = PBXBuildFile; fileRef = 854ED20E234D3C3B004B761E /* answer5.txt */; };
		854ED226234D3C49004B761E /* answer6.txt in CopyFiles */ = {isa = PBXBuildFile; fileRef = 854ED216234D3C3D004B761E /* answer6.txt */; };
		854ED227234D3C49004B761E /* answer7.txt in CopyFiles */ = {isa = PBXBuildFile; fileRef = 854ED21A234D3C3E004B761E /* answer7.txt */; };
		854ED228234D3C49004B761E /* answer8.txt in CopyFiles */ = {isa = PBXBuildFile; fileRef = 854ED205234D3C3A004B761E /* answer8.txt */; };
		854ED229234D3C49004B761E /* test_case0-2.txt in CopyFiles */ = {isa = PBXBuildFile; fileRef = 854ED215234D3C3D004B761E /* test_case0-2.txt */; };
		854ED22A234D3C49004B761E /* test_case0.txt in CopyFiles */ = {isa = PBXBuildFile; fileRef = 854ED21B234D3C3E004B761E /* test_case0.txt */; };
		854ED22B234D3C49004B761E /* test_case1-2.txt in CopyFiles */ = {isa = PBXBuildFile; fileRef = 854ED20B234D3C3B004B761E /* test_case1-2.txt */; };
		854ED22C234D3C49004B761E /* test_case1.txt in CopyFiles */ = {isa = PBXBuildFile; fileRef = 854ED210234D3C3C004B761E /* test_case1.txt */; };
		854ED22D234D3C49004B761E /* test_case2-2.txt in CopyFiles */ = {isa = PBXBuildFile; fileRef = 854ED20A234D3C3B004B761E /* test_case2-2.txt */; };
		854ED22E234D3C49004B761E /* test_case2.txt in CopyFiles */ = {isa = PBXBuildFile; fileRef = 854ED21C234D3C3E004B761E /* test_case2.txt */; };
		854ED22F234D3C49004B761E /* test_case3.txt in CopyFiles */ = {isa = PBXBuildFile; fileRef = 854ED213234D3C3C004B761E /* test_case3.txt */; };
		854ED230234D3C49004B761E /* test_case4.txt in CopyFiles */ = {isa = PBXBuildFile; fileRef = 854ED20C234D3C3B004B761E /* test_case4.txt */; };
		854ED231234D3C49004B761E /* test_case5.txt in CopyFiles */ = {isa = PBXBuildFile; fileRef = 854ED218234D3C3E004B761E /* test_case5.txt */; };
		854ED232234D3C49004B761E /* test_case6.txt in CopyFiles */ = {isa = PBXBuildFile; fileRef = 854ED214234D3C3D004B761E /* test_case6.txt */; };
		854ED233234D3C49004B761E /* test_case7.txt in CopyFiles */ = {isa = PBXBuildFile; fileRef = 854ED219234D3C3E004B761E /* test_case7.txt */; };
		854ED234234D3C49004B761E /* test_case8.txt in CopyFiles */ = {isa = PBXBuildFile; fileRef = 854ED211234D3C3C004B761E /* test_case8.txt */; };
		858C239A2329A73700526D23 /* IDRecognizer.cpp in Sources */ = {isa = PBXBuildFile; fileRef = 858C23982329A73700526D23 /* IDRecognizer.cpp */; };
		858C239E2329AC1A00526D23 /* StringRecognizer.cpp in Sources */ = {isa = PBXBuildFile; fileRef = 858C239C2329AC1A00526D23 /* StringRecognizer.cpp */; };
		858C23A52329B36700526D23 /* OperatorRecognizer.cpp in Sources */ = {isa = PBXBuildFile; fileRef = 858C23A32329B36700526D23 /* OperatorRecognizer.cpp */; };
		858C23A82329EA9900526D23 /* CommentRecognizer.cpp in Sources */ = {isa = PBXBuildFile; fileRef = 858C23A62329EA9900526D23 /* CommentRecognizer.cpp */; };
		85B56D36234C45F0007AFEE9 /* in21.txt in CopyFiles */ = {isa = PBXBuildFile; fileRef = 85B56D25234C45E6007AFEE9 /* in21.txt */; };
		85B56D37234C45F0007AFEE9 /* in22.txt in CopyFiles */ = {isa = PBXBuildFile; fileRef = 85B56D2D234C45E7007AFEE9 /* in22.txt */; };
		85B56D38234C45F0007AFEE9 /* in23.txt in CopyFiles */ = {isa = PBXBuildFile; fileRef = 85B56D22234C45E5007AFEE9 /* in23.txt */; };
		85B56D39234C45F0007AFEE9 /* in24.txt in CopyFiles */ = {isa = PBXBuildFile; fileRef = 85B56D26234C45E6007AFEE9 /* in24.txt */; };
		85B56D3A234C45F0007AFEE9 /* in25.txt in CopyFiles */ = {isa = PBXBuildFile; fileRef = 85B56D2B234C45E7007AFEE9 /* in25.txt */; };
		85B56D3B234C45F0007AFEE9 /* in26.txt in CopyFiles */ = {isa = PBXBuildFile; fileRef = 85B56D28234C45E6007AFEE9 /* in26.txt */; };
		85B56D3C234C45F0007AFEE9 /* in27.txt in CopyFiles */ = {isa = PBXBuildFile; fileRef = 85B56D30234C45E7007AFEE9 /* in27.txt */; };
		85B56D3D234C45F0007AFEE9 /* in28.txt in CopyFiles */ = {isa = PBXBuildFile; fileRef = 85B56D20234C45E5007AFEE9 /* in28.txt */; };
		85B56D3E234C45F0007AFEE9 /* in29.txt in CopyFiles */ = {isa = PBXBuildFile; fileRef = 85B56D2C234C45E7007AFEE9 /* in29.txt */; };
		85B56D3F234C45F0007AFEE9 /* in61.txt in CopyFiles */ = {isa = PBXBuildFile; fileRef = 85B56D2F234C45E7007AFEE9 /* in61.txt */; };
		85B56D40234C45F0007AFEE9 /* in62.txt in CopyFiles */ = {isa = PBXBuildFile; fileRef = 85B56D24234C45E6007AFEE9 /* in62.txt */; };
		85B56D41234C45F0007AFEE9 /* out21.txt in CopyFiles */ = {isa = PBXBuildFile; fileRef = 85B56D34234C45E8007AFEE9 /* out21.txt */; };
		85B56D42234C45F0007AFEE9 /* out22.txt in CopyFiles */ = {isa = PBXBuildFile; fileRef = 85B56D32234C45E8007AFEE9 /* out22.txt */; };
		85B56D43234C45F0007AFEE9 /* out23.txt in CopyFiles */ = {isa = PBXBuildFile; fileRef = 85B56D23234C45E6007AFEE9 /* out23.txt */; };
		85B56D44234C45F0007AFEE9 /* out24.txt in CopyFiles */ = {isa = PBXBuildFile; fileRef = 85B56D2E234C45E7007AFEE9 /* out24.txt */; };
		85B56D45234C45F0007AFEE9 /* out25.txt in CopyFiles */ = {isa = PBXBuildFile; fileRef = 85B56D27234C45E6007AFEE9 /* out25.txt */; };
		85B56D46234C45F0007AFEE9 /* out26.txt in CopyFiles */ = {isa = PBXBuildFile; fileRef = 85B56D29234C45E6007AFEE9 /* out26.txt */; };
		85B56D47234C45F0007AFEE9 /* out27.txt in CopyFiles */ = {isa = PBXBuildFile; fileRef = 85B56D33234C45E8007AFEE9 /* out27.txt */; };
		85B56D48234C45F0007AFEE9 /* out28.txt in CopyFiles */ = {isa = PBXBuildFile; fileRef = 85B56D31234C45E8007AFEE9 /* out28.txt */; };
		85B56D49234C45F0007AFEE9 /* out29.txt in CopyFiles */ = {isa = PBXBuildFile; fileRef = 85B56D21234C45E5007AFEE9 /* out29.txt */; };
		85B56D4A234C45F0007AFEE9 /* out61.txt in CopyFiles */ = {isa = PBXBuildFile; fileRef = 85B56D2A234C45E7007AFEE9 /* out61.txt */; };
		85B56D4B234C45F0007AFEE9 /* out62.txt in CopyFiles */ = {isa = PBXBuildFile; fileRef = 85B56D35234C45E8007AFEE9 /* out62.txt */; };
		85BBE3E82342C123002BBB2B /* DatalogProgram.cpp in Sources */ = {isa = PBXBuildFile; fileRef = 85BBE3E62342C123002BBB2B /* DatalogProgram.cpp */; };
		85BBE3EB2342C157002BBB2B /* Rule.cpp in Sources */ = {isa = PBXBuildFile; fileRef = 85BBE3E92342C157002BBB2B /* Rule.cpp */; };
		85BBE3EE2342C175002BBB2B /* Predicate.cpp in Sources */ = {isa = PBXBuildFile; fileRef = 85BBE3EC2342C175002BBB2B /* Predicate.cpp */; };
		85D0BCF72327099E00FEE62C /* main.cpp in Sources */ = {isa = PBXBuildFile; fileRef = 85D0BCF62327099E00FEE62C /* main.cpp */; };
		85D0BCFF2327135400FEE62C /* datalogBad.txt in CopyFiles */ = {isa = PBXBuildFile; fileRef = 85D0BCFD2327132B00FEE62C /* datalogBad.txt */; };
		85FDB0A7233EAED200A90CC8 /* DatalogCheck.cpp in Sources */ = {isa = PBXBuildFile; fileRef = 85FDB0A5233EAED200A90CC8 /* DatalogCheck.cpp */; };
/* End PBXBuildFile section */

/* Begin PBXCopyFilesBuildPhase section */
		85D0BCF12327099E00FEE62C /* CopyFiles */ = {
			isa = PBXCopyFilesBuildPhase;
			buildActionMask = 12;
			dstPath = "";
			dstSubfolderSpec = 16;
			files = (
				854ED21D234D3C49004B761E /* answer0-2.txt in CopyFiles */,
				854ED21E234D3C49004B761E /* answer0.txt in CopyFiles */,
				854ED21F234D3C49004B761E /* answer1-2.txt in CopyFiles */,
				854ED220234D3C49004B761E /* answer1.txt in CopyFiles */,
				854ED221234D3C49004B761E /* answer2-2.txt in CopyFiles */,
				854ED222234D3C49004B761E /* answer2.txt in CopyFiles */,
				854ED223234D3C49004B761E /* answer3.txt in CopyFiles */,
				854ED224234D3C49004B761E /* answer4.txt in CopyFiles */,
				854ED225234D3C49004B761E /* answer5.txt in CopyFiles */,
				854ED226234D3C49004B761E /* answer6.txt in CopyFiles */,
				854ED227234D3C49004B761E /* answer7.txt in CopyFiles */,
				854ED228234D3C49004B761E /* answer8.txt in CopyFiles */,
				854ED229234D3C49004B761E /* test_case0-2.txt in CopyFiles */,
				854ED22A234D3C49004B761E /* test_case0.txt in CopyFiles */,
				854ED22B234D3C49004B761E /* test_case1-2.txt in CopyFiles */,
				854ED22C234D3C49004B761E /* test_case1.txt in CopyFiles */,
				854ED22D234D3C49004B761E /* test_case2-2.txt in CopyFiles */,
				854ED22E234D3C49004B761E /* test_case2.txt in CopyFiles */,
				854ED22F234D3C49004B761E /* test_case3.txt in CopyFiles */,
				854ED230234D3C49004B761E /* test_case4.txt in CopyFiles */,
				854ED231234D3C49004B761E /* test_case5.txt in CopyFiles */,
				854ED232234D3C49004B761E /* test_case6.txt in CopyFiles */,
				854ED233234D3C49004B761E /* test_case7.txt in CopyFiles */,
				854ED234234D3C49004B761E /* test_case8.txt in CopyFiles */,
				85D0BCFF2327135400FEE62C /* datalogBad.txt in CopyFiles */,
				851784DD23415D5B00FC3211 /* datalog1.txt in CopyFiles */,
				85B56D36234C45F0007AFEE9 /* in21.txt in CopyFiles */,
				85B56D37234C45F0007AFEE9 /* in22.txt in CopyFiles */,
				85B56D38234C45F0007AFEE9 /* in23.txt in CopyFiles */,
				85B56D39234C45F0007AFEE9 /* in24.txt in CopyFiles */,
				85B56D3A234C45F0007AFEE9 /* in25.txt in CopyFiles */,
				85B56D3B234C45F0007AFEE9 /* in26.txt in CopyFiles */,
				85B56D3C234C45F0007AFEE9 /* in27.txt in CopyFiles */,
				85B56D3D234C45F0007AFEE9 /* in28.txt in CopyFiles */,
				85B56D3E234C45F0007AFEE9 /* in29.txt in CopyFiles */,
				85B56D3F234C45F0007AFEE9 /* in61.txt in CopyFiles */,
				85B56D40234C45F0007AFEE9 /* in62.txt in CopyFiles */,
				85B56D41234C45F0007AFEE9 /* out21.txt in CopyFiles */,
				85B56D42234C45F0007AFEE9 /* out22.txt in CopyFiles */,
				85B56D43234C45F0007AFEE9 /* out23.txt in CopyFiles */,
				85B56D44234C45F0007AFEE9 /* out24.txt in CopyFiles */,
				85B56D45234C45F0007AFEE9 /* out25.txt in CopyFiles */,
				85B56D46234C45F0007AFEE9 /* out26.txt in CopyFiles */,
				85B56D47234C45F0007AFEE9 /* out27.txt in CopyFiles */,
				85B56D48234C45F0007AFEE9 /* out28.txt in CopyFiles */,
				85B56D49234C45F0007AFEE9 /* out29.txt in CopyFiles */,
				85B56D4A234C45F0007AFEE9 /* out61.txt in CopyFiles */,
				85B56D4B234C45F0007AFEE9 /* out62.txt in CopyFiles */,
			);
			runOnlyForDeploymentPostprocessing = 0;
		};
/* End PBXCopyFilesBuildPhase section */

/* Begin PBXFileReference section */
		851784DC23415D3600FC3211 /* datalog1.txt */ = {isa = PBXFileReference; lastKnownFileType = text; path = datalog1.txt; sourceTree = "<group>"; };
		854ED205234D3C3A004B761E /* answer8.txt */ = {isa = PBXFileReference; lastKnownFileType = text; path = answer8.txt; sourceTree = "<group>"; };
		854ED206234D3C3A004B761E /* answer3.txt */ = {isa = PBXFileReference; lastKnownFileType = text; path = answer3.txt; sourceTree = "<group>"; };
		854ED207234D3C3A004B761E /* answer4.txt */ = {isa = PBXFileReference; lastKnownFileType = text; path = answer4.txt; sourceTree = "<group>"; };
		854ED208234D3C3A004B761E /* answer1-2.txt */ = {isa = PBXFileReference; lastKnownFileType = text; path = "answer1-2.txt"; sourceTree = "<group>"; };
		854ED209234D3C3A004B761E /* answer0-2.txt */ = {isa = PBXFileReference; lastKnownFileType = text; path = "answer0-2.txt"; sourceTree = "<group>"; };
		854ED20A234D3C3B004B761E /* test_case2-2.txt */ = {isa = PBXFileReference; lastKnownFileType = text; path = "test_case2-2.txt"; sourceTree = "<group>"; };
		854ED20B234D3C3B004B761E /* test_case1-2.txt */ = {isa = PBXFileReference; lastKnownFileType = text; path = "test_case1-2.txt"; sourceTree = "<group>"; };
		854ED20C234D3C3B004B761E /* test_case4.txt */ = {isa = PBXFileReference; lastKnownFileType = text; path = test_case4.txt; sourceTree = "<group>"; };
		854ED20D234D3C3B004B761E /* answer0.txt */ = {isa = PBXFileReference; lastKnownFileType = text; path = answer0.txt; sourceTree = "<group>"; };
		854ED20E234D3C3B004B761E /* answer5.txt */ = {isa = PBXFileReference; lastKnownFileType = text; path = answer5.txt; sourceTree = "<group>"; };
		854ED20F234D3C3B004B761E /* answer2-2.txt */ = {isa = PBXFileReference; lastKnownFileType = text; path = "answer2-2.txt"; sourceTree = "<group>"; };
		854ED210234D3C3C004B761E /* test_case1.txt */ = {isa = PBXFileReference; lastKnownFileType = text; path = test_case1.txt; sourceTree = "<group>"; };
		854ED211234D3C3C004B761E /* test_case8.txt */ = {isa = PBXFileReference; lastKnownFileType = text; path = test_case8.txt; sourceTree = "<group>"; };
		854ED212234D3C3C004B761E /* answer2.txt */ = {isa = PBXFileReference; lastKnownFileType = text; path = answer2.txt; sourceTree = "<group>"; };
		854ED213234D3C3C004B761E /* test_case3.txt */ = {isa = PBXFileReference; lastKnownFileType = text; path = test_case3.txt; sourceTree = "<group>"; };
		854ED214234D3C3D004B761E /* test_case6.txt */ = {isa = PBXFileReference; lastKnownFileType = text; path = test_case6.txt; sourceTree = "<group>"; };
		854ED215234D3C3D004B761E /* test_case0-2.txt */ = {isa = PBXFileReference; lastKnownFileType = text; path = "test_case0-2.txt"; sourceTree = "<group>"; };
		854ED216234D3C3D004B761E /* answer6.txt */ = {isa = PBXFileReference; lastKnownFileType = text; path = answer6.txt; sourceTree = "<group>"; };
		854ED217234D3C3D004B761E /* answer1.txt */ = {isa = PBXFileReference; lastKnownFileType = text; path = answer1.txt; sourceTree = "<group>"; };
		854ED218234D3C3E004B761E /* test_case5.txt */ = {isa = PBXFileReference; lastKnownFileType = text; path = test_case5.txt; sourceTree = "<group>"; };
		854ED219234D3C3E004B761E /* test_case7.txt */ = {isa = PBXFileReference; lastKnownFileType = text; path = test_case7.txt; sourceTree = "<group>"; };
		854ED21A234D3C3E004B761E /* answer7.txt */ = {isa = PBXFileReference; lastKnownFileType = text; path = answer7.txt; sourceTree = "<group>"; };
		854ED21B234D3C3E004B761E /* test_case0.txt */ = {isa = PBXFileReference; lastKnownFileType = text; path = test_case0.txt; sourceTree = "<group>"; };
		854ED21C234D3C3E004B761E /* test_case2.txt */ = {isa = PBXFileReference; lastKnownFileType = text; path = test_case2.txt; sourceTree = "<group>"; };
		85595AA223280362001DDD55 /* StandardTokens.h */ = {isa = PBXFileReference; lastKnownFileType = sourcecode.c.h; path = StandardTokens.h; sourceTree = "<group>"; };
		858C23982329A73700526D23 /* IDRecognizer.cpp */ = {isa = PBXFileReference; lastKnownFileType = sourcecode.cpp.cpp; path = IDRecognizer.cpp; sourceTree = "<group>"; };
		858C23992329A73700526D23 /* IDRecognizer.h */ = {isa = PBXFileReference; lastKnownFileType = sourcecode.c.h; path = IDRecognizer.h; sourceTree = "<group>"; };
		858C239B2329A80300526D23 /* Token.h */ = {isa = PBXFileReference; lastKnownFileType = sourcecode.c.h; path = Token.h; sourceTree = "<group>"; };
		858C239C2329AC1A00526D23 /* StringRecognizer.cpp */ = {isa = PBXFileReference; lastKnownFileType = sourcecode.cpp.cpp; path = StringRecognizer.cpp; sourceTree = "<group>"; };
		858C239D2329AC1A00526D23 /* StringRecognizer.h */ = {isa = PBXFileReference; lastKnownFileType = sourcecode.c.h; path = StringRecognizer.h; sourceTree = "<group>"; };
		858C23A02329ACAF00526D23 /* Recognizer.h */ = {isa = PBXFileReference; lastKnownFileType = sourcecode.c.h; path = Recognizer.h; sourceTree = "<group>"; };
		858C23A22329AEFC00526D23 /* Recognizers.h */ = {isa = PBXFileReference; lastKnownFileType = sourcecode.c.h; path = Recognizers.h; sourceTree = "<group>"; };
		858C23A32329B36700526D23 /* OperatorRecognizer.cpp */ = {isa = PBXFileReference; lastKnownFileType = sourcecode.cpp.cpp; path = OperatorRecognizer.cpp; sourceTree = "<group>"; };
		858C23A42329B36700526D23 /* OperatorRecognizer.h */ = {isa = PBXFileReference; lastKnownFileType = sourcecode.c.h; path = OperatorRecognizer.h; sourceTree = "<group>"; };
		858C23A62329EA9900526D23 /* CommentRecognizer.cpp */ = {isa = PBXFileReference; lastKnownFileType = sourcecode.cpp.cpp; path = CommentRecognizer.cpp; sourceTree = "<group>"; };
		858C23A72329EA9900526D23 /* CommentRecognizer.h */ = {isa = PBXFileReference; lastKnownFileType = sourcecode.c.h; path = CommentRecognizer.h; sourceTree = "<group>"; };
		85B56D20234C45E5007AFEE9 /* in28.txt */ = {isa = PBXFileReference; lastKnownFileType = text; path = in28.txt; sourceTree = "<group>"; };
		85B56D21234C45E5007AFEE9 /* out29.txt */ = {isa = PBXFileReference; lastKnownFileType = text; path = out29.txt; sourceTree = "<group>"; };
		85B56D22234C45E5007AFEE9 /* in23.txt */ = {isa = PBXFileReference; lastKnownFileType = text; path = in23.txt; sourceTree = "<group>"; };
		85B56D23234C45E6007AFEE9 /* out23.txt */ = {isa = PBXFileReference; lastKnownFileType = text; path = out23.txt; sourceTree = "<group>"; };
		85B56D24234C45E6007AFEE9 /* in62.txt */ = {isa = PBXFileReference; lastKnownFileType = text; path = in62.txt; sourceTree = "<group>"; };
		85B56D25234C45E6007AFEE9 /* in21.txt */ = {isa = PBXFileReference; lastKnownFileType = text; path = in21.txt; sourceTree = "<group>"; };
		85B56D26234C45E6007AFEE9 /* in24.txt */ = {isa = PBXFileReference; lastKnownFileType = text; path = in24.txt; sourceTree = "<group>"; };
		85B56D27234C45E6007AFEE9 /* out25.txt */ = {isa = PBXFileReference; lastKnownFileType = text; path = out25.txt; sourceTree = "<group>"; };
		85B56D28234C45E6007AFEE9 /* in26.txt */ = {isa = PBXFileReference; lastKnownFileType = text; path = in26.txt; sourceTree = "<group>"; };
		85B56D29234C45E6007AFEE9 /* out26.txt */ = {isa = PBXFileReference; lastKnownFileType = text; path = out26.txt; sourceTree = "<group>"; };
		85B56D2A234C45E7007AFEE9 /* out61.txt */ = {isa = PBXFileReference; lastKnownFileType = text; path = out61.txt; sourceTree = "<group>"; };
		85B56D2B234C45E7007AFEE9 /* in25.txt */ = {isa = PBXFileReference; lastKnownFileType = text; path = in25.txt; sourceTree = "<group>"; };
		85B56D2C234C45E7007AFEE9 /* in29.txt */ = {isa = PBXFileReference; lastKnownFileType = text; path = in29.txt; sourceTree = "<group>"; };
		85B56D2D234C45E7007AFEE9 /* in22.txt */ = {isa = PBXFileReference; lastKnownFileType = text; path = in22.txt; sourceTree = "<group>"; };
		85B56D2E234C45E7007AFEE9 /* out24.txt */ = {isa = PBXFileReference; lastKnownFileType = text; path = out24.txt; sourceTree = "<group>"; };
		85B56D2F234C45E7007AFEE9 /* in61.txt */ = {isa = PBXFileReference; lastKnownFileType = text; path = in61.txt; sourceTree = "<group>"; };
		85B56D30234C45E7007AFEE9 /* in27.txt */ = {isa = PBXFileReference; lastKnownFileType = text; path = in27.txt; sourceTree = "<group>"; };
		85B56D31234C45E8007AFEE9 /* out28.txt */ = {isa = PBXFileReference; lastKnownFileType = text; path = out28.txt; sourceTree = "<group>"; };
		85B56D32234C45E8007AFEE9 /* out22.txt */ = {isa = PBXFileReference; lastKnownFileType = text; path = out22.txt; sourceTree = "<group>"; };
		85B56D33234C45E8007AFEE9 /* out27.txt */ = {isa = PBXFileReference; lastKnownFileType = text; path = out27.txt; sourceTree = "<group>"; };
		85B56D34234C45E8007AFEE9 /* out21.txt */ = {isa = PBXFileReference; lastKnownFileType = text; path = out21.txt; sourceTree = "<group>"; };
		85B56D35234C45E8007AFEE9 /* out62.txt */ = {isa = PBXFileReference; lastKnownFileType = text; path = out62.txt; sourceTree = "<group>"; };
		85BBE3E62342C123002BBB2B /* DatalogProgram.cpp */ = {isa = PBXFileReference; lastKnownFileType = sourcecode.cpp.cpp; path = DatalogProgram.cpp; sourceTree = "<group>"; };
		85BBE3E72342C123002BBB2B /* DatalogProgram.h */ = {isa = PBXFileReference; lastKnownFileType = sourcecode.c.h; path = DatalogProgram.h; sourceTree = "<group>"; };
		85BBE3E92342C157002BBB2B /* Rule.cpp */ = {isa = PBXFileReference; lastKnownFileType = sourcecode.cpp.cpp; path = Rule.cpp; sourceTree = "<group>"; };
		85BBE3EA2342C157002BBB2B /* Rule.h */ = {isa = PBXFileReference; lastKnownFileType = sourcecode.c.h; path = Rule.h; sourceTree = "<group>"; };
		85BBE3EC2342C175002BBB2B /* Predicate.cpp */ = {isa = PBXFileReference; lastKnownFileType = sourcecode.cpp.cpp; path = Predicate.cpp; sourceTree = "<group>"; };
		85BBE3ED2342C175002BBB2B /* Predicate.h */ = {isa = PBXFileReference; lastKnownFileType = sourcecode.c.h; path = Predicate.h; sourceTree = "<group>"; };
		85BBE3F22342C328002BBB2B /* Production.h */ = {isa = PBXFileReference; lastKnownFileType = sourcecode.c.h; path = Production.h; sourceTree = "<group>"; };
		85D0BCF32327099E00FEE62C /* LexerV1 */ = {isa = PBXFileReference; explicitFileType = "compiled.mach-o.executable"; includeInIndex = 0; path = LexerV1; sourceTree = BUILT_PRODUCTS_DIR; };
		85D0BCF62327099E00FEE62C /* main.cpp */ = {isa = PBXFileReference; lastKnownFileType = sourcecode.cpp.cpp; path = main.cpp; sourceTree = "<group>"; };
		85D0BCFD2327132B00FEE62C /* datalogBad.txt */ = {isa = PBXFileReference; lastKnownFileType = text; path = datalogBad.txt; sourceTree = "<group>"; };
		85FDB0A5233EAED200A90CC8 /* DatalogCheck.cpp */ = {isa = PBXFileReference; lastKnownFileType = sourcecode.cpp.cpp; path = DatalogCheck.cpp; sourceTree = "<group>"; };
		85FDB0A6233EAED200A90CC8 /* DatalogCheck.h */ = {isa = PBXFileReference; lastKnownFileType = sourcecode.c.h; path = DatalogCheck.h; sourceTree = "<group>"; };
/* End PBXFileReference section */

/* Begin PBXFrameworksBuildPhase section */
		85D0BCF02327099E00FEE62C /* Frameworks */ = {
			isa = PBXFrameworksBuildPhase;
			buildActionMask = 2147483647;
			files = (
			);
			runOnlyForDeploymentPostprocessing = 0;
		};
/* End PBXFrameworksBuildPhase section */

/* Begin PBXGroup section */
		85D0BCEA2327099E00FEE62C = {
			isa = PBXGroup;
			children = (
				85D0BCF52327099E00FEE62C /* LexerV1 */,
				85D0BCF42327099E00FEE62C /* Products */,
			);
			sourceTree = "<group>";
		};
		85D0BCF42327099E00FEE62C /* Products */ = {
			isa = PBXGroup;
			children = (
				85D0BCF32327099E00FEE62C /* LexerV1 */,
			);
			name = Products;
			sourceTree = "<group>";
		};
		85D0BCF52327099E00FEE62C /* LexerV1 */ = {
			isa = PBXGroup;
			children = (
				85D0BD00232714CC00FEE62C /* Samples */,
				85FDB0A3233EADD500A90CC8 /* Lexer */,
				85FDB0A4233EAEB500A90CC8 /* Grammar */,
				85D0BCF62327099E00FEE62C /* main.cpp */,
				85595AA223280362001DDD55 /* StandardTokens.h */,
				858C239B2329A80300526D23 /* Token.h */,
			);
			path = LexerV1;
			sourceTree = "<group>";
		};
		85D0BD00232714CC00FEE62C /* Samples */ = {
			isa = PBXGroup;
			children = (
				854ED209234D3C3A004B761E /* answer0-2.txt */,
				854ED20D234D3C3B004B761E /* answer0.txt */,
				854ED208234D3C3A004B761E /* answer1-2.txt */,
				854ED217234D3C3D004B761E /* answer1.txt */,
				854ED20F234D3C3B004B761E /* answer2-2.txt */,
				854ED212234D3C3C004B761E /* answer2.txt */,
				854ED206234D3C3A004B761E /* answer3.txt */,
				854ED207234D3C3A004B761E /* answer4.txt */,
				854ED20E234D3C3B004B761E /* answer5.txt */,
				854ED216234D3C3D004B761E /* answer6.txt */,
				854ED21A234D3C3E004B761E /* answer7.txt */,
				854ED205234D3C3A004B761E /* answer8.txt */,
				854ED215234D3C3D004B761E /* test_case0-2.txt */,
				854ED21B234D3C3E004B761E /* test_case0.txt */,
				854ED20B234D3C3B004B761E /* test_case1-2.txt */,
				854ED210234D3C3C004B761E /* test_case1.txt */,
				854ED20A234D3C3B004B761E /* test_case2-2.txt */,
				854ED21C234D3C3E004B761E /* test_case2.txt */,
				854ED213234D3C3C004B761E /* test_case3.txt */,
				854ED20C234D3C3B004B761E /* test_case4.txt */,
				854ED218234D3C3E004B761E /* test_case5.txt */,
				854ED214234D3C3D004B761E /* test_case6.txt */,
				854ED219234D3C3E004B761E /* test_case7.txt */,
				854ED211234D3C3C004B761E /* test_case8.txt */,
				851784DC23415D3600FC3211 /* datalog1.txt */,
				85D0BCFD2327132B00FEE62C /* datalogBad.txt */,
				85B56D25234C45E6007AFEE9 /* in21.txt */,
				85B56D2D234C45E7007AFEE9 /* in22.txt */,
				85B56D22234C45E5007AFEE9 /* in23.txt */,
				85B56D26234C45E6007AFEE9 /* in24.txt */,
				85B56D2B234C45E7007AFEE9 /* in25.txt */,
				85B56D28234C45E6007AFEE9 /* in26.txt */,
				85B56D30234C45E7007AFEE9 /* in27.txt */,
				85B56D20234C45E5007AFEE9 /* in28.txt */,
				85B56D2C234C45E7007AFEE9 /* in29.txt */,
				85B56D2F234C45E7007AFEE9 /* in61.txt */,
				85B56D24234C45E6007AFEE9 /* in62.txt */,
				85B56D34234C45E8007AFEE9 /* out21.txt */,
				85B56D32234C45E8007AFEE9 /* out22.txt */,
				85B56D23234C45E6007AFEE9 /* out23.txt */,
				85B56D2E234C45E7007AFEE9 /* out24.txt */,
				85B56D27234C45E6007AFEE9 /* out25.txt */,
				85B56D29234C45E6007AFEE9 /* out26.txt */,
				85B56D33234C45E8007AFEE9 /* out27.txt */,
				85B56D31234C45E8007AFEE9 /* out28.txt */,
				85B56D21234C45E5007AFEE9 /* out29.txt */,
				85B56D2A234C45E7007AFEE9 /* out61.txt */,
				85B56D35234C45E8007AFEE9 /* out62.txt */,
			);
			path = Samples;
			sourceTree = "<group>";
		};
		85FDB0A3233EADD500A90CC8 /* Lexer */ = {
			isa = PBXGroup;
			children = (
				858C23A22329AEFC00526D23 /* Recognizers.h */,
				858C23A02329ACAF00526D23 /* Recognizer.h */,
				858C23A42329B36700526D23 /* OperatorRecognizer.h */,
				858C23A32329B36700526D23 /* OperatorRecognizer.cpp */,
				858C23992329A73700526D23 /* IDRecognizer.h */,
				858C23982329A73700526D23 /* IDRecognizer.cpp */,
				858C239D2329AC1A00526D23 /* StringRecognizer.h */,
				858C239C2329AC1A00526D23 /* StringRecognizer.cpp */,
				858C23A72329EA9900526D23 /* CommentRecognizer.h */,
				858C23A62329EA9900526D23 /* CommentRecognizer.cpp */,
			);
			name = Lexer;
			sourceTree = "<group>";
		};
		85FDB0A4233EAEB500A90CC8 /* Grammar */ = {
			isa = PBXGroup;
			children = (
				85FDB0A6233EAED200A90CC8 /* DatalogCheck.h */,
				85FDB0A5233EAED200A90CC8 /* DatalogCheck.cpp */,
				85BBE3F22342C328002BBB2B /* Production.h */,
				85BBE3E72342C123002BBB2B /* DatalogProgram.h */,
				85BBE3E62342C123002BBB2B /* DatalogProgram.cpp */,
				85BBE3EA2342C157002BBB2B /* Rule.h */,
				85BBE3E92342C157002BBB2B /* Rule.cpp */,
				85BBE3ED2342C175002BBB2B /* Predicate.h */,
				85BBE3EC2342C175002BBB2B /* Predicate.cpp */,
			);
			name = Grammar;
			sourceTree = "<group>";
		};
/* End PBXGroup section */

/* Begin PBXNativeTarget section */
		85D0BCF22327099E00FEE62C /* LexerV1 */ = {
			isa = PBXNativeTarget;
			buildConfigurationList = 85D0BCFA2327099E00FEE62C /* Build configuration list for PBXNativeTarget "LexerV1" */;
			buildPhases = (
				85D0BCEF2327099E00FEE62C /* Sources */,
				85D0BCF02327099E00FEE62C /* Frameworks */,
				85D0BCF12327099E00FEE62C /* CopyFiles */,
			);
			buildRules = (
			);
			dependencies = (
			);
			name = LexerV1;
			productName = LexerV1;
			productReference = 85D0BCF32327099E00FEE62C /* LexerV1 */;
			productType = "com.apple.product-type.tool";
		};
/* End PBXNativeTarget section */

/* Begin PBXProject section */
		85D0BCEB2327099E00FEE62C /* Project object */ = {
			isa = PBXProject;
			attributes = {
				LastUpgradeCheck = 1030;
				ORGANIZATIONNAME = "James Robinson";
				TargetAttributes = {
					85D0BCF22327099E00FEE62C = {
						CreatedOnToolsVersion = 10.3;
					};
				};
			};
			buildConfigurationList = 85D0BCEE2327099E00FEE62C /* Build configuration list for PBXProject "LexerV1" */;
			compatibilityVersion = "Xcode 9.3";
			developmentRegion = en;
			hasScannedForEncodings = 0;
			knownRegions = (
				en,
			);
			mainGroup = 85D0BCEA2327099E00FEE62C;
			productRefGroup = 85D0BCF42327099E00FEE62C /* Products */;
			projectDirPath = "";
			projectRoot = "";
			targets = (
				85D0BCF22327099E00FEE62C /* LexerV1 */,
			);
		};
/* End PBXProject section */

/* Begin PBXSourcesBuildPhase section */
		85D0BCEF2327099E00FEE62C /* Sources */ = {
			isa = PBXSourcesBuildPhase;
			buildActionMask = 2147483647;
			files = (
				858C23A52329B36700526D23 /* OperatorRecognizer.cpp in Sources */,
				85BBE3EE2342C175002BBB2B /* Predicate.cpp in Sources */,
				85BBE3EB2342C157002BBB2B /* Rule.cpp in Sources */,
				858C239E2329AC1A00526D23 /* StringRecognizer.cpp in Sources */,
				85FDB0A7233EAED200A90CC8 /* DatalogCheck.cpp in Sources */,
				858C239A2329A73700526D23 /* IDRecognizer.cpp in Sources */,
				85BBE3E82342C123002BBB2B /* DatalogProgram.cpp in Sources */,
				858C23A82329EA9900526D23 /* CommentRecognizer.cpp in Sources */,
				85D0BCF72327099E00FEE62C /* main.cpp in Sources */,
			);
			runOnlyForDeploymentPostprocessing = 0;
		};
/* End PBXSourcesBuildPhase section */

/* Begin XCBuildConfiguration section */
		85D0BCF82327099E00FEE62C /* Debug */ = {
			isa = XCBuildConfiguration;
			buildSettings = {
				ALWAYS_SEARCH_USER_PATHS = NO;
				CLANG_ANALYZER_NONNULL = YES;
				CLANG_ANALYZER_NUMBER_OBJECT_CONVERSION = YES_AGGRESSIVE;
				CLANG_CXX_LANGUAGE_STANDARD = "gnu++14";
				CLANG_CXX_LIBRARY = "libc++";
				CLANG_ENABLE_MODULES = YES;
				CLANG_ENABLE_OBJC_ARC = YES;
				CLANG_ENABLE_OBJC_WEAK = YES;
				CLANG_WARN_BLOCK_CAPTURE_AUTORELEASING = YES;
				CLANG_WARN_BOOL_CONVERSION = YES;
				CLANG_WARN_COMMA = YES;
				CLANG_WARN_CONSTANT_CONVERSION = YES;
				CLANG_WARN_DEPRECATED_OBJC_IMPLEMENTATIONS = YES;
				CLANG_WARN_DIRECT_OBJC_ISA_USAGE = YES_ERROR;
				CLANG_WARN_DOCUMENTATION_COMMENTS = YES;
				CLANG_WARN_EMPTY_BODY = YES;
				CLANG_WARN_ENUM_CONVERSION = YES;
				CLANG_WARN_INFINITE_RECURSION = YES;
				CLANG_WARN_INT_CONVERSION = YES;
				CLANG_WARN_NON_LITERAL_NULL_CONVERSION = YES;
				CLANG_WARN_OBJC_IMPLICIT_RETAIN_SELF = YES;
				CLANG_WARN_OBJC_LITERAL_CONVERSION = YES;
				CLANG_WARN_OBJC_ROOT_CLASS = YES_ERROR;
				CLANG_WARN_RANGE_LOOP_ANALYSIS = YES;
				CLANG_WARN_STRICT_PROTOTYPES = YES;
				CLANG_WARN_SUSPICIOUS_MOVE = YES;
				CLANG_WARN_UNGUARDED_AVAILABILITY = YES_AGGRESSIVE;
				CLANG_WARN_UNREACHABLE_CODE = YES;
				CLANG_WARN__DUPLICATE_METHOD_MATCH = YES;
				CODE_SIGN_IDENTITY = "Mac Developer";
				COPY_PHASE_STRIP = NO;
				DEBUG_INFORMATION_FORMAT = dwarf;
				ENABLE_STRICT_OBJC_MSGSEND = YES;
				ENABLE_TESTABILITY = YES;
				GCC_C_LANGUAGE_STANDARD = gnu11;
				GCC_DYNAMIC_NO_PIC = NO;
				GCC_NO_COMMON_BLOCKS = YES;
				GCC_OPTIMIZATION_LEVEL = 0;
				GCC_PREPROCESSOR_DEFINITIONS = (
					"DEBUG=1",
					"$(inherited)",
				);
				GCC_WARN_64_TO_32_BIT_CONVERSION = YES;
				GCC_WARN_ABOUT_RETURN_TYPE = YES_ERROR;
				GCC_WARN_UNDECLARED_SELECTOR = YES;
				GCC_WARN_UNINITIALIZED_AUTOS = YES_AGGRESSIVE;
				GCC_WARN_UNUSED_FUNCTION = YES;
				GCC_WARN_UNUSED_VARIABLE = YES;
				MACOSX_DEPLOYMENT_TARGET = 10.14;
				MTL_ENABLE_DEBUG_INFO = INCLUDE_SOURCE;
				MTL_FAST_MATH = YES;
				ONLY_ACTIVE_ARCH = YES;
				SDKROOT = macosx;
			};
			name = Debug;
		};
		85D0BCF92327099E00FEE62C /* Release */ = {
			isa = XCBuildConfiguration;
			buildSettings = {
				ALWAYS_SEARCH_USER_PATHS = NO;
				CLANG_ANALYZER_NONNULL = YES;
				CLANG_ANALYZER_NUMBER_OBJECT_CONVERSION = YES_AGGRESSIVE;
				CLANG_CXX_LANGUAGE_STANDARD = "gnu++14";
				CLANG_CXX_LIBRARY = "libc++";
				CLANG_ENABLE_MODULES = YES;
				CLANG_ENABLE_OBJC_ARC = YES;
				CLANG_ENABLE_OBJC_WEAK = YES;
				CLANG_WARN_BLOCK_CAPTURE_AUTORELEASING = YES;
				CLANG_WARN_BOOL_CONVERSION = YES;
				CLANG_WARN_COMMA = YES;
				CLANG_WARN_CONSTANT_CONVERSION = YES;
				CLANG_WARN_DEPRECATED_OBJC_IMPLEMENTATIONS = YES;
				CLANG_WARN_DIRECT_OBJC_ISA_USAGE = YES_ERROR;
				CLANG_WARN_DOCUMENTATION_COMMENTS = YES;
				CLANG_WARN_EMPTY_BODY = YES;
				CLANG_WARN_ENUM_CONVERSION = YES;
				CLANG_WARN_INFINITE_RECURSION = YES;
				CLANG_WARN_INT_CONVERSION = YES;
				CLANG_WARN_NON_LITERAL_NULL_CONVERSION = YES;
				CLANG_WARN_OBJC_IMPLICIT_RETAIN_SELF = YES;
				CLANG_WARN_OBJC_LITERAL_CONVERSION = YES;
				CLANG_WARN_OBJC_ROOT_CLASS = YES_ERROR;
				CLANG_WARN_RANGE_LOOP_ANALYSIS = YES;
				CLANG_WARN_STRICT_PROTOTYPES = YES;
				CLANG_WARN_SUSPICIOUS_MOVE = YES;
				CLANG_WARN_UNGUARDED_AVAILABILITY = YES_AGGRESSIVE;
				CLANG_WARN_UNREACHABLE_CODE = YES;
				CLANG_WARN__DUPLICATE_METHOD_MATCH = YES;
				CODE_SIGN_IDENTITY = "Mac Developer";
				COPY_PHASE_STRIP = NO;
				DEBUG_INFORMATION_FORMAT = "dwarf-with-dsym";
				ENABLE_NS_ASSERTIONS = NO;
				ENABLE_STRICT_OBJC_MSGSEND = YES;
				GCC_C_LANGUAGE_STANDARD = gnu11;
				GCC_NO_COMMON_BLOCKS = YES;
				GCC_WARN_64_TO_32_BIT_CONVERSION = YES;
				GCC_WARN_ABOUT_RETURN_TYPE = YES_ERROR;
				GCC_WARN_UNDECLARED_SELECTOR = YES;
				GCC_WARN_UNINITIALIZED_AUTOS = YES_AGGRESSIVE;
				GCC_WARN_UNUSED_FUNCTION = YES;
				GCC_WARN_UNUSED_VARIABLE = YES;
				MACOSX_DEPLOYMENT_TARGET = 10.14;
				MTL_ENABLE_DEBUG_INFO = NO;
				MTL_FAST_MATH = YES;
				SDKROOT = macosx;
			};
			name = Release;
		};
		85D0BCFB2327099E00FEE62C /* Debug */ = {
			isa = XCBuildConfiguration;
			buildSettings = {
				CODE_SIGN_STYLE = Automatic;
				DEVELOPMENT_TEAM = WS443QRDMF;
				PRODUCT_NAME = "$(TARGET_NAME)";
				WARNING_CFLAGS = (
					"-Wall",
					"-Werror",
				);
			};
			name = Debug;
		};
		85D0BCFC2327099E00FEE62C /* Release */ = {
			isa = XCBuildConfiguration;
			buildSettings = {
				CODE_SIGN_STYLE = Automatic;
				DEVELOPMENT_TEAM = WS443QRDMF;
				PRODUCT_NAME = "$(TARGET_NAME)";
				WARNING_CFLAGS = (
					"-Wall",
					"-Werror",
				);
			};
			name = Release;
		};
/* End XCBuildConfiguration section */

/* Begin XCConfigurationList section */
		85D0BCEE2327099E00FEE62C /* Build configuration list for PBXProject "LexerV1" */ = {
			isa = XCConfigurationList;
			buildConfigurations = (
				85D0BCF82327099E00FEE62C /* Debug */,
				85D0BCF92327099E00FEE62C /* Release */,
			);
			defaultConfigurationIsVisible = 0;
			defaultConfigurationName = Release;
		};
		85D0BCFA2327099E00FEE62C /* Build configuration list for PBXNativeTarget "LexerV1" */ = {
			isa = XCConfigurationList;
			buildConfigurations = (
				85D0BCFB2327099E00FEE62C /* Debug */,
				85D0BCFC2327099E00FEE62C /* Release */,
			);
			defaultConfigurationIsVisible = 0;
			defaultConfigurationName = Release;
		};
/* End XCConfigurationList section */
	};
	rootObject = 85D0BCEB2327099E00FEE62C /* Project object */;
}
