// !$*UTF8*$!
{
	archiveVersion = 1;
	classes = {
	};
	objectVersion = 50;
	objects = {

/* Begin PBXBuildFile section */
		854F0AC423762FCA00434982 /* test_case5.txt in CopyFiles */ = {isa = PBXBuildFile; fileRef = 85F953A12370E605008D5D69 /* test_case5.txt */; };
		854F0AC523762FCA00434982 /* test_case6.txt in CopyFiles */ = {isa = PBXBuildFile; fileRef = 85F9539C2370E604008D5D69 /* test_case6.txt */; };
		854F0AC623762FCA00434982 /* test_case9.txt in CopyFiles */ = {isa = PBXBuildFile; fileRef = 85F9539F2370E604008D5D69 /* test_case9.txt */; };
		854F0AC723762FFD00434982 /* in30.txt in CopyFiles */ = {isa = PBXBuildFile; fileRef = 85F953822370E16D008D5D69 /* in30.txt */; };
		854F0AC823762FFD00434982 /* in33.txt in CopyFiles */ = {isa = PBXBuildFile; fileRef = 85F953852370E16E008D5D69 /* in33.txt */; };
		854F0AC923762FFD00434982 /* in35.txt in CopyFiles */ = {isa = PBXBuildFile; fileRef = 85F953792370E16C008D5D69 /* in35.txt */; };
		854F0ACA23762FFD00434982 /* in36.txt in CopyFiles */ = {isa = PBXBuildFile; fileRef = 85F9538B2370E16E008D5D69 /* in36.txt */; };
		854F0ACB23762FFD00434982 /* in37.txt in CopyFiles */ = {isa = PBXBuildFile; fileRef = 85F953872370E16E008D5D69 /* in37.txt */; };
		854F0ACC23762FFD00434982 /* in41.txt in CopyFiles */ = {isa = PBXBuildFile; fileRef = 85F953782370E16C008D5D69 /* in41.txt */; };
		854F0ACD23762FFD00434982 /* in42.txt in CopyFiles */ = {isa = PBXBuildFile; fileRef = 85F9537A2370E16C008D5D69 /* in42.txt */; };
		854F0ACE23762FFD00434982 /* in43.txt in CopyFiles */ = {isa = PBXBuildFile; fileRef = 85F953832370E16D008D5D69 /* in43.txt */; };
		854F0ACF23762FFD00434982 /* in44.txt in CopyFiles */ = {isa = PBXBuildFile; fileRef = 85F953762370E16C008D5D69 /* in44.txt */; };
		854F0AD023762FFD00434982 /* in61.txt in CopyFiles */ = {isa = PBXBuildFile; fileRef = 85F9537F2370E16D008D5D69 /* in61.txt */; };
		854F0AD123762FFD00434982 /* in62.txt in CopyFiles */ = {isa = PBXBuildFile; fileRef = 85F953812370E16D008D5D69 /* in62.txt */; };
		856F2ACE2368847B00BE23F7 /* DatalogCheck.cpp in Sources */ = {isa = PBXBuildFile; fileRef = 85FDB0A5233EAED200A90CC8 /* DatalogCheck.cpp */; };
		856F2ACF2368847B00BE23F7 /* DatalogProgram.cpp in Sources */ = {isa = PBXBuildFile; fileRef = 85BBE3E62342C123002BBB2B /* DatalogProgram.cpp */; };
		856F2AD02368847B00BE23F7 /* Rule.cpp in Sources */ = {isa = PBXBuildFile; fileRef = 85BBE3E92342C157002BBB2B /* Rule.cpp */; };
		856F2AD12368847B00BE23F7 /* Predicate.cpp in Sources */ = {isa = PBXBuildFile; fileRef = 85BBE3EC2342C175002BBB2B /* Predicate.cpp */; };
		856F2B002369EA3100BE23F7 /* TestUtils.m in Sources */ = {isa = PBXBuildFile; fileRef = 856F2AFF2369EA3100BE23F7 /* TestUtils.m */; };
		858C239A2329A73700526D23 /* IDRecognizer.cpp in Sources */ = {isa = PBXBuildFile; fileRef = 858C23982329A73700526D23 /* IDRecognizer.cpp */; };
		858C239E2329AC1A00526D23 /* StringRecognizer.cpp in Sources */ = {isa = PBXBuildFile; fileRef = 858C239C2329AC1A00526D23 /* StringRecognizer.cpp */; };
		858C23A52329B36700526D23 /* OperatorRecognizer.cpp in Sources */ = {isa = PBXBuildFile; fileRef = 858C23A32329B36700526D23 /* OperatorRecognizer.cpp */; };
		858C23A82329EA9900526D23 /* CommentRecognizer.cpp in Sources */ = {isa = PBXBuildFile; fileRef = 858C23A62329EA9900526D23 /* CommentRecognizer.cpp */; };
		85BBE3E82342C123002BBB2B /* DatalogProgram.cpp in Sources */ = {isa = PBXBuildFile; fileRef = 85BBE3E62342C123002BBB2B /* DatalogProgram.cpp */; };
		85BBE3EB2342C157002BBB2B /* Rule.cpp in Sources */ = {isa = PBXBuildFile; fileRef = 85BBE3E92342C157002BBB2B /* Rule.cpp */; };
		85BBE3EE2342C175002BBB2B /* Predicate.cpp in Sources */ = {isa = PBXBuildFile; fileRef = 85BBE3EC2342C175002BBB2B /* Predicate.cpp */; };
		85D0BCF72327099E00FEE62C /* main.cpp in Sources */ = {isa = PBXBuildFile; fileRef = 85D0BCF62327099E00FEE62C /* main.cpp */; };
		85F946D92363B6D3006C460E /* TestGrammar.mm in Sources */ = {isa = PBXBuildFile; fileRef = 85F946D82363B6D3006C460E /* TestGrammar.mm */; };
		85F946E12363BACD006C460E /* TestLexer.mm in Sources */ = {isa = PBXBuildFile; fileRef = 85F946E02363BACD006C460E /* TestLexer.mm */; };
		85F947522363D009006C460E /* OperatorRecognizer.cpp in Sources */ = {isa = PBXBuildFile; fileRef = 858C23A32329B36700526D23 /* OperatorRecognizer.cpp */; };
		85F947532363D009006C460E /* IDRecognizer.cpp in Sources */ = {isa = PBXBuildFile; fileRef = 858C23982329A73700526D23 /* IDRecognizer.cpp */; };
		85F947542363D009006C460E /* StringRecognizer.cpp in Sources */ = {isa = PBXBuildFile; fileRef = 858C239C2329AC1A00526D23 /* StringRecognizer.cpp */; };
		85F947552363D009006C460E /* CommentRecognizer.cpp in Sources */ = {isa = PBXBuildFile; fileRef = 858C23A62329EA9900526D23 /* CommentRecognizer.cpp */; };
		85F953742370D833008D5D69 /* TestRelations.mm in Sources */ = {isa = PBXBuildFile; fileRef = 85F953732370D833008D5D69 /* TestRelations.mm */; };
		85F953A4237113FF008D5D69 /* Database.cpp in Sources */ = {isa = PBXBuildFile; fileRef = 85F953A2237113FF008D5D69 /* Database.cpp */; };
		85F953A823711457008D5D69 /* Relation.cpp in Sources */ = {isa = PBXBuildFile; fileRef = 85F953A623711457008D5D69 /* Relation.cpp */; };
		85F953AB23711488008D5D69 /* Tuple.cpp in Sources */ = {isa = PBXBuildFile; fileRef = 85F953A923711488008D5D69 /* Tuple.cpp */; };
		85F953AC23723374008D5D69 /* Database.cpp in Sources */ = {isa = PBXBuildFile; fileRef = 85F953A2237113FF008D5D69 /* Database.cpp */; };
		85F953AD23723376008D5D69 /* Relation.cpp in Sources */ = {isa = PBXBuildFile; fileRef = 85F953A623711457008D5D69 /* Relation.cpp */; };
		85F953AE23723378008D5D69 /* Tuple.cpp in Sources */ = {isa = PBXBuildFile; fileRef = 85F953A923711488008D5D69 /* Tuple.cpp */; };
		85FDB0A7233EAED200A90CC8 /* DatalogCheck.cpp in Sources */ = {isa = PBXBuildFile; fileRef = 85FDB0A5233EAED200A90CC8 /* DatalogCheck.cpp */; };
/* End PBXBuildFile section */

/* Begin PBXCopyFilesBuildPhase section */
		85D0BCF12327099E00FEE62C /* CopyFiles */ = {
			isa = PBXCopyFilesBuildPhase;
			buildActionMask = 12;
			dstPath = samples;
			dstSubfolderSpec = 16;
			files = (
				854F0AC423762FCA00434982 /* test_case5.txt in CopyFiles */,
				854F0AC523762FCA00434982 /* test_case6.txt in CopyFiles */,
				854F0AC623762FCA00434982 /* test_case9.txt in CopyFiles */,
				854F0AC723762FFD00434982 /* in30.txt in CopyFiles */,
				854F0AC823762FFD00434982 /* in33.txt in CopyFiles */,
				854F0AC923762FFD00434982 /* in35.txt in CopyFiles */,
				854F0ACA23762FFD00434982 /* in36.txt in CopyFiles */,
				854F0ACB23762FFD00434982 /* in37.txt in CopyFiles */,
				854F0ACC23762FFD00434982 /* in41.txt in CopyFiles */,
				854F0ACD23762FFD00434982 /* in42.txt in CopyFiles */,
				854F0ACE23762FFD00434982 /* in43.txt in CopyFiles */,
				854F0ACF23762FFD00434982 /* in44.txt in CopyFiles */,
				854F0AD023762FFD00434982 /* in61.txt in CopyFiles */,
				854F0AD123762FFD00434982 /* in62.txt in CopyFiles */,
			);
			runOnlyForDeploymentPostprocessing = 0;
		};
/* End PBXCopyFilesBuildPhase section */

/* Begin PBXFileReference section */
		85595AA223280362001DDD55 /* StandardTokens.h */ = {isa = PBXFileReference; lastKnownFileType = sourcecode.c.h; path = StandardTokens.h; sourceTree = "<group>"; };
		856F2AA1236791A400BE23F7 /* out23.txt */ = {isa = PBXFileReference; fileEncoding = 4; lastKnownFileType = text; path = out23.txt; sourceTree = "<group>"; };
		856F2AA2236791A400BE23F7 /* out24.txt */ = {isa = PBXFileReference; fileEncoding = 4; lastKnownFileType = text; path = out24.txt; sourceTree = "<group>"; };
		856F2AA3236791A400BE23F7 /* out61.txt */ = {isa = PBXFileReference; fileEncoding = 4; lastKnownFileType = text; path = out61.txt; sourceTree = "<group>"; };
		856F2AA4236791A400BE23F7 /* in22.txt */ = {isa = PBXFileReference; fileEncoding = 4; lastKnownFileType = text; path = in22.txt; sourceTree = "<group>"; };
		856F2AA5236791A500BE23F7 /* in26.txt */ = {isa = PBXFileReference; fileEncoding = 4; lastKnownFileType = text; path = in26.txt; sourceTree = "<group>"; };
		856F2AA6236791A500BE23F7 /* out25.txt */ = {isa = PBXFileReference; fileEncoding = 4; lastKnownFileType = text; path = out25.txt; sourceTree = "<group>"; };
		856F2AA7236791A500BE23F7 /* in62.txt */ = {isa = PBXFileReference; fileEncoding = 4; lastKnownFileType = text; path = in62.txt; sourceTree = "<group>"; };
		856F2AA8236791A500BE23F7 /* out27.txt */ = {isa = PBXFileReference; fileEncoding = 4; lastKnownFileType = text; path = out27.txt; sourceTree = "<group>"; };
		856F2AA9236791A500BE23F7 /* in24.txt */ = {isa = PBXFileReference; fileEncoding = 4; lastKnownFileType = text; path = in24.txt; sourceTree = "<group>"; };
		856F2AAA236791A500BE23F7 /* in25.txt */ = {isa = PBXFileReference; fileEncoding = 4; lastKnownFileType = text; path = in25.txt; sourceTree = "<group>"; };
		856F2AAB236791A500BE23F7 /* out22.txt */ = {isa = PBXFileReference; fileEncoding = 4; lastKnownFileType = text; path = out22.txt; sourceTree = "<group>"; };
		856F2AAC236791A600BE23F7 /* out26.txt */ = {isa = PBXFileReference; fileEncoding = 4; lastKnownFileType = text; path = out26.txt; sourceTree = "<group>"; };
		856F2AAD236791A600BE23F7 /* in61.txt */ = {isa = PBXFileReference; fileEncoding = 4; lastKnownFileType = text; path = in61.txt; sourceTree = "<group>"; };
		856F2AAE236791A600BE23F7 /* in21.txt */ = {isa = PBXFileReference; fileEncoding = 4; lastKnownFileType = text; path = in21.txt; sourceTree = "<group>"; };
		856F2AAF236791A600BE23F7 /* in23.txt */ = {isa = PBXFileReference; fileEncoding = 4; lastKnownFileType = text; path = in23.txt; sourceTree = "<group>"; };
		856F2AB0236791A600BE23F7 /* in27.txt */ = {isa = PBXFileReference; fileEncoding = 4; lastKnownFileType = text; path = in27.txt; sourceTree = "<group>"; };
		856F2AB1236791A600BE23F7 /* in29.txt */ = {isa = PBXFileReference; fileEncoding = 4; lastKnownFileType = text; path = in29.txt; sourceTree = "<group>"; };
		856F2AB2236791A700BE23F7 /* out28.txt */ = {isa = PBXFileReference; fileEncoding = 4; lastKnownFileType = text; path = out28.txt; sourceTree = "<group>"; };
		856F2AB3236791A700BE23F7 /* out29.txt */ = {isa = PBXFileReference; fileEncoding = 4; lastKnownFileType = text; path = out29.txt; sourceTree = "<group>"; };
		856F2AB4236791A700BE23F7 /* out62.txt */ = {isa = PBXFileReference; fileEncoding = 4; lastKnownFileType = text; path = out62.txt; sourceTree = "<group>"; };
		856F2AB5236791A700BE23F7 /* in28.txt */ = {isa = PBXFileReference; fileEncoding = 4; lastKnownFileType = text; path = in28.txt; sourceTree = "<group>"; };
		856F2AB6236791A800BE23F7 /* out21.txt */ = {isa = PBXFileReference; fileEncoding = 4; lastKnownFileType = text; path = out21.txt; sourceTree = "<group>"; };
		856F2ACD2368805700BE23F7 /* LexerV1.h */ = {isa = PBXFileReference; lastKnownFileType = sourcecode.c.h; path = LexerV1.h; sourceTree = "<group>"; };
		856F2AD32369DC7700BE23F7 /* answer1.txt */ = {isa = PBXFileReference; fileEncoding = 4; lastKnownFileType = text; path = answer1.txt; sourceTree = "<group>"; };
		856F2AD42369DC7700BE23F7 /* test_case2.txt */ = {isa = PBXFileReference; fileEncoding = 4; lastKnownFileType = text; path = test_case2.txt; sourceTree = "<group>"; };
		856F2AD52369DC7800BE23F7 /* test_case5.txt */ = {isa = PBXFileReference; fileEncoding = 4; lastKnownFileType = text; path = test_case5.txt; sourceTree = "<group>"; };
		856F2AD62369DC7800BE23F7 /* test_case8.txt */ = {isa = PBXFileReference; fileEncoding = 4; lastKnownFileType = text; path = test_case8.txt; sourceTree = "<group>"; };
		856F2AD72369DC7800BE23F7 /* answer6.txt */ = {isa = PBXFileReference; fileEncoding = 4; lastKnownFileType = text; path = answer6.txt; sourceTree = "<group>"; };
		856F2AD82369DC7800BE23F7 /* answer5.txt */ = {isa = PBXFileReference; fileEncoding = 4; lastKnownFileType = text; path = answer5.txt; sourceTree = "<group>"; };
		856F2AD92369DC7800BE23F7 /* test_case6.txt */ = {isa = PBXFileReference; fileEncoding = 4; lastKnownFileType = text; path = test_case6.txt; sourceTree = "<group>"; };
		856F2ADA2369DC7800BE23F7 /* test_case7.txt */ = {isa = PBXFileReference; fileEncoding = 4; lastKnownFileType = text; path = test_case7.txt; sourceTree = "<group>"; };
		856F2ADB2369DC7800BE23F7 /* test_case0.txt */ = {isa = PBXFileReference; fileEncoding = 4; lastKnownFileType = text; path = test_case0.txt; sourceTree = "<group>"; };
		856F2ADC2369DC7900BE23F7 /* answer2.txt */ = {isa = PBXFileReference; fileEncoding = 4; lastKnownFileType = text; path = answer2.txt; sourceTree = "<group>"; };
		856F2ADD2369DC7900BE23F7 /* test_case3.txt */ = {isa = PBXFileReference; fileEncoding = 4; lastKnownFileType = text; path = test_case3.txt; sourceTree = "<group>"; };
		856F2ADE2369DC7900BE23F7 /* test_case1.txt */ = {isa = PBXFileReference; fileEncoding = 4; lastKnownFileType = text; path = test_case1.txt; sourceTree = "<group>"; };
		856F2ADF2369DC7900BE23F7 /* answer4.txt */ = {isa = PBXFileReference; fileEncoding = 4; lastKnownFileType = text; path = answer4.txt; sourceTree = "<group>"; };
		856F2AE02369DC7900BE23F7 /* answer7.txt */ = {isa = PBXFileReference; fileEncoding = 4; lastKnownFileType = text; path = answer7.txt; sourceTree = "<group>"; };
		856F2AE12369DC7A00BE23F7 /* answer3.txt */ = {isa = PBXFileReference; fileEncoding = 4; lastKnownFileType = text; path = answer3.txt; sourceTree = "<group>"; };
		856F2AE22369DC7A00BE23F7 /* answer0.txt */ = {isa = PBXFileReference; fileEncoding = 4; lastKnownFileType = text; path = answer0.txt; sourceTree = "<group>"; };
		856F2AE32369DC7A00BE23F7 /* answer8.txt */ = {isa = PBXFileReference; fileEncoding = 4; lastKnownFileType = text; path = answer8.txt; sourceTree = "<group>"; };
		856F2AE42369DC7A00BE23F7 /* test_case4.txt */ = {isa = PBXFileReference; fileEncoding = 4; lastKnownFileType = text; path = test_case4.txt; sourceTree = "<group>"; };
		856F2AF82369E0FE00BE23F7 /* test_case2.txt */ = {isa = PBXFileReference; lastKnownFileType = text; path = test_case2.txt; sourceTree = "<group>"; };
		856F2AF92369E0FE00BE23F7 /* answer2.txt */ = {isa = PBXFileReference; lastKnownFileType = text; path = answer2.txt; sourceTree = "<group>"; };
		856F2AFA2369E0FF00BE23F7 /* test_case0.txt */ = {isa = PBXFileReference; lastKnownFileType = text; path = test_case0.txt; sourceTree = "<group>"; };
		856F2AFB2369E0FF00BE23F7 /* answer0.txt */ = {isa = PBXFileReference; lastKnownFileType = text; path = answer0.txt; sourceTree = "<group>"; };
		856F2AFC2369E0FF00BE23F7 /* answer1.txt */ = {isa = PBXFileReference; lastKnownFileType = text; path = answer1.txt; sourceTree = "<group>"; };
		856F2AFD2369E0FF00BE23F7 /* test_case1.txt */ = {isa = PBXFileReference; lastKnownFileType = text; path = test_case1.txt; sourceTree = "<group>"; };
		856F2AFE2369EA3100BE23F7 /* TestUtils.h */ = {isa = PBXFileReference; lastKnownFileType = sourcecode.c.h; path = TestUtils.h; sourceTree = "<group>"; };
		856F2AFF2369EA3100BE23F7 /* TestUtils.m */ = {isa = PBXFileReference; lastKnownFileType = sourcecode.c.objc; path = TestUtils.m; sourceTree = "<group>"; };
		858C23982329A73700526D23 /* IDRecognizer.cpp */ = {isa = PBXFileReference; lastKnownFileType = sourcecode.cpp.cpp; path = IDRecognizer.cpp; sourceTree = "<group>"; };
		858C23992329A73700526D23 /* IDRecognizer.h */ = {isa = PBXFileReference; lastKnownFileType = sourcecode.c.h; path = IDRecognizer.h; sourceTree = "<group>"; };
		858C239B2329A80300526D23 /* Token.h */ = {isa = PBXFileReference; lastKnownFileType = sourcecode.c.h; path = Token.h; sourceTree = "<group>"; };
		858C239C2329AC1A00526D23 /* StringRecognizer.cpp */ = {isa = PBXFileReference; lastKnownFileType = sourcecode.cpp.cpp; path = StringRecognizer.cpp; sourceTree = "<group>"; };
		858C239D2329AC1A00526D23 /* StringRecognizer.h */ = {isa = PBXFileReference; lastKnownFileType = sourcecode.c.h; path = StringRecognizer.h; sourceTree = "<group>"; };
		858C23A02329ACAF00526D23 /* Recognizer.h */ = {isa = PBXFileReference; lastKnownFileType = sourcecode.c.h; path = Recognizer.h; sourceTree = "<group>"; };
		858C23A22329AEFC00526D23 /* Recognizers.h */ = {isa = PBXFileReference; lastKnownFileType = sourcecode.c.h; path = Recognizers.h; sourceTree = "<group>"; };
		858C23A32329B36700526D23 /* OperatorRecognizer.cpp */ = {isa = PBXFileReference; lastKnownFileType = sourcecode.cpp.cpp; path = OperatorRecognizer.cpp; sourceTree = "<group>"; };
		858C23A42329B36700526D23 /* OperatorRecognizer.h */ = {isa = PBXFileReference; lastKnownFileType = sourcecode.c.h; path = OperatorRecognizer.h; sourceTree = "<group>"; };
		858C23A62329EA9900526D23 /* CommentRecognizer.cpp */ = {isa = PBXFileReference; lastKnownFileType = sourcecode.cpp.cpp; path = CommentRecognizer.cpp; sourceTree = "<group>"; };
		858C23A72329EA9900526D23 /* CommentRecognizer.h */ = {isa = PBXFileReference; lastKnownFileType = sourcecode.c.h; path = CommentRecognizer.h; sourceTree = "<group>"; };
		85BBE3E62342C123002BBB2B /* DatalogProgram.cpp */ = {isa = PBXFileReference; lastKnownFileType = sourcecode.cpp.cpp; path = DatalogProgram.cpp; sourceTree = "<group>"; };
		85BBE3E72342C123002BBB2B /* DatalogProgram.h */ = {isa = PBXFileReference; lastKnownFileType = sourcecode.c.h; path = DatalogProgram.h; sourceTree = "<group>"; };
		85BBE3E92342C157002BBB2B /* Rule.cpp */ = {isa = PBXFileReference; lastKnownFileType = sourcecode.cpp.cpp; path = Rule.cpp; sourceTree = "<group>"; };
		85BBE3EA2342C157002BBB2B /* Rule.h */ = {isa = PBXFileReference; lastKnownFileType = sourcecode.c.h; path = Rule.h; sourceTree = "<group>"; };
		85BBE3EC2342C175002BBB2B /* Predicate.cpp */ = {isa = PBXFileReference; lastKnownFileType = sourcecode.cpp.cpp; path = Predicate.cpp; sourceTree = "<group>"; };
		85BBE3ED2342C175002BBB2B /* Predicate.h */ = {isa = PBXFileReference; lastKnownFileType = sourcecode.c.h; path = Predicate.h; sourceTree = "<group>"; };
		85BBE3F22342C328002BBB2B /* Production.h */ = {isa = PBXFileReference; lastKnownFileType = sourcecode.c.h; path = Production.h; sourceTree = "<group>"; };
		85D0BCF32327099E00FEE62C /* LexerV1 */ = {isa = PBXFileReference; explicitFileType = "compiled.mach-o.executable"; includeInIndex = 0; path = LexerV1; sourceTree = BUILT_PRODUCTS_DIR; };
		85D0BCF62327099E00FEE62C /* main.cpp */ = {isa = PBXFileReference; lastKnownFileType = sourcecode.cpp.cpp; path = main.cpp; sourceTree = "<group>"; };
		85F946D62363B6D3006C460E /* TestLexerV1.xctest */ = {isa = PBXFileReference; explicitFileType = wrapper.cfbundle; includeInIndex = 0; path = TestLexerV1.xctest; sourceTree = BUILT_PRODUCTS_DIR; };
		85F946D82363B6D3006C460E /* TestGrammar.mm */ = {isa = PBXFileReference; lastKnownFileType = sourcecode.cpp.objcpp; path = TestGrammar.mm; sourceTree = "<group>"; };
		85F946DA2363B6D3006C460E /* Info.plist */ = {isa = PBXFileReference; lastKnownFileType = text.plist.xml; path = Info.plist; sourceTree = "<group>"; };
		85F946E02363BACD006C460E /* TestLexer.mm */ = {isa = PBXFileReference; lastKnownFileType = sourcecode.cpp.objcpp; path = TestLexer.mm; sourceTree = "<group>"; };
		85F946E42363BB75006C460E /* out11.txt */ = {isa = PBXFileReference; fileEncoding = 4; lastKnownFileType = text; path = out11.txt; sourceTree = "<group>"; };
		85F946E52363BB75006C460E /* in12.txt */ = {isa = PBXFileReference; fileEncoding = 4; lastKnownFileType = text; path = in12.txt; sourceTree = "<group>"; };
		85F946E62363BB75006C460E /* in20.txt */ = {isa = PBXFileReference; fileEncoding = 4; lastKnownFileType = text; path = in20.txt; sourceTree = "<group>"; };
		85F946E72363BB75006C460E /* out16.txt */ = {isa = PBXFileReference; fileEncoding = 4; lastKnownFileType = text; path = out16.txt; sourceTree = "<group>"; };
		85F946E82363BB75006C460E /* in14.txt */ = {isa = PBXFileReference; fileEncoding = 4; lastKnownFileType = text; path = in14.txt; sourceTree = "<group>"; };
		85F946E92363BB75006C460E /* out62.txt */ = {isa = PBXFileReference; fileEncoding = 4; lastKnownFileType = text; path = out62.txt; sourceTree = "<group>"; };
		85F946EA2363BB75006C460E /* out14.txt */ = {isa = PBXFileReference; fileEncoding = 4; lastKnownFileType = text; path = out14.txt; sourceTree = "<group>"; };
		85F946EB2363BB75006C460E /* in16.txt */ = {isa = PBXFileReference; fileEncoding = 4; lastKnownFileType = text; path = in16.txt; sourceTree = "<group>"; };
		85F946EC2363BB75006C460E /* out19.txt */ = {isa = PBXFileReference; fileEncoding = 4; lastKnownFileType = text; path = out19.txt; sourceTree = "<group>"; };
		85F946ED2363BB76006C460E /* out12.txt */ = {isa = PBXFileReference; fileEncoding = 4; lastKnownFileType = text; path = out12.txt; sourceTree = "<group>"; };
		85F946EE2363BB76006C460E /* in15.txt */ = {isa = PBXFileReference; fileEncoding = 4; lastKnownFileType = text; path = in15.txt; sourceTree = "<group>"; };
		85F946EF2363BB76006C460E /* out20.txt */ = {isa = PBXFileReference; fileEncoding = 4; lastKnownFileType = text; path = out20.txt; sourceTree = "<group>"; };
		85F946F02363BB76006C460E /* in11.txt */ = {isa = PBXFileReference; fileEncoding = 4; lastKnownFileType = text; path = in11.txt; sourceTree = "<group>"; };
		85F946F12363BB76006C460E /* in62.txt */ = {isa = PBXFileReference; fileEncoding = 4; lastKnownFileType = text; path = in62.txt; sourceTree = "<group>"; };
		85F946F22363BB76006C460E /* in61.txt */ = {isa = PBXFileReference; fileEncoding = 4; lastKnownFileType = text; path = in61.txt; sourceTree = "<group>"; };
		85F946F32363BB76006C460E /* in10.txt */ = {isa = PBXFileReference; fileEncoding = 4; lastKnownFileType = text; path = in10.txt; sourceTree = "<group>"; };
		85F946F42363BB77006C460E /* in18.txt */ = {isa = PBXFileReference; fileEncoding = 4; lastKnownFileType = text; path = in18.txt; sourceTree = "<group>"; };
		85F946F52363BB77006C460E /* out13.txt */ = {isa = PBXFileReference; fileEncoding = 4; lastKnownFileType = text; path = out13.txt; sourceTree = "<group>"; };
		85F946F62363BB77006C460E /* out61.txt */ = {isa = PBXFileReference; fileEncoding = 4; lastKnownFileType = text; path = out61.txt; sourceTree = "<group>"; };
		85F946F72363BB77006C460E /* in13.txt */ = {isa = PBXFileReference; fileEncoding = 4; lastKnownFileType = text; path = in13.txt; sourceTree = "<group>"; };
		85F946F82363BB77006C460E /* out15.txt */ = {isa = PBXFileReference; fileEncoding = 4; lastKnownFileType = text; path = out15.txt; sourceTree = "<group>"; };
		85F946F92363BB77006C460E /* in17.txt */ = {isa = PBXFileReference; fileEncoding = 4; lastKnownFileType = text; path = in17.txt; sourceTree = "<group>"; };
		85F946FA2363BB77006C460E /* out18.txt */ = {isa = PBXFileReference; fileEncoding = 4; lastKnownFileType = text; path = out18.txt; sourceTree = "<group>"; };
		85F946FB2363BB78006C460E /* out10.txt */ = {isa = PBXFileReference; fileEncoding = 4; lastKnownFileType = text; path = out10.txt; sourceTree = "<group>"; };
		85F946FC2363BB78006C460E /* in19.txt */ = {isa = PBXFileReference; fileEncoding = 4; lastKnownFileType = text; path = in19.txt; sourceTree = "<group>"; };
		85F946FD2363BB78006C460E /* out17.txt */ = {isa = PBXFileReference; fileEncoding = 4; lastKnownFileType = text; path = out17.txt; sourceTree = "<group>"; };
		85F9471F2363BBCF006C460E /* test_case7.txt */ = {isa = PBXFileReference; fileEncoding = 4; lastKnownFileType = text; path = test_case7.txt; sourceTree = "<group>"; };
		85F947202363BBCF006C460E /* test_casenoway.txt */ = {isa = PBXFileReference; fileEncoding = 4; lastKnownFileType = text; path = test_casenoway.txt; sourceTree = "<group>"; };
		85F947212363BBCF006C460E /* answer1.txt */ = {isa = PBXFileReference; fileEncoding = 4; lastKnownFileType = text; path = answer1.txt; sourceTree = "<group>"; };
		85F947222363BBCF006C460E /* answer6.txt */ = {isa = PBXFileReference; fileEncoding = 4; lastKnownFileType = text; path = answer6.txt; sourceTree = "<group>"; };
		85F947232363BBCF006C460E /* answernoway.txt */ = {isa = PBXFileReference; fileEncoding = 4; lastKnownFileType = text; path = answernoway.txt; sourceTree = "<group>"; };
		85F947242363BBD0006C460E /* test_case3.txt */ = {isa = PBXFileReference; fileEncoding = 4; lastKnownFileType = text; path = test_case3.txt; sourceTree = "<group>"; };
		85F947252363BBD0006C460E /* answer4.txt */ = {isa = PBXFileReference; fileEncoding = 4; lastKnownFileType = text; path = answer4.txt; sourceTree = "<group>"; };
		85F947262363BBD0006C460E /* test_case4.txt */ = {isa = PBXFileReference; fileEncoding = 4; lastKnownFileType = text; path = test_case4.txt; sourceTree = "<group>"; };
		85F947272363BBD0006C460E /* answer3.txt */ = {isa = PBXFileReference; fileEncoding = 4; lastKnownFileType = text; path = answer3.txt; sourceTree = "<group>"; };
		85F947282363BBD0006C460E /* test_case6.txt */ = {isa = PBXFileReference; fileEncoding = 4; lastKnownFileType = text; path = test_case6.txt; sourceTree = "<group>"; };
		85F947292363BBD0006C460E /* test_case1.txt */ = {isa = PBXFileReference; fileEncoding = 4; lastKnownFileType = text; path = test_case1.txt; sourceTree = "<group>"; };
		85F9472A2363BBD0006C460E /* answer5.txt */ = {isa = PBXFileReference; fileEncoding = 4; lastKnownFileType = text; path = answer5.txt; sourceTree = "<group>"; };
		85F9472B2363BBD0006C460E /* test_case5.txt */ = {isa = PBXFileReference; fileEncoding = 4; lastKnownFileType = text; path = test_case5.txt; sourceTree = "<group>"; };
		85F9472C2363BBD1006C460E /* answer7.txt */ = {isa = PBXFileReference; fileEncoding = 4; lastKnownFileType = text; path = answer7.txt; sourceTree = "<group>"; };
		85F9473C2363BBFB006C460E /* test_case3.txt */ = {isa = PBXFileReference; fileEncoding = 4; lastKnownFileType = text; path = test_case3.txt; sourceTree = "<group>"; };
		85F9473D2363BBFB006C460E /* answer3.txt */ = {isa = PBXFileReference; fileEncoding = 4; lastKnownFileType = text; path = answer3.txt; sourceTree = "<group>"; };
		85F9473E2363BBFB006C460E /* answer1.txt */ = {isa = PBXFileReference; fileEncoding = 4; lastKnownFileType = text; path = answer1.txt; sourceTree = "<group>"; };
		85F9473F2363BBFB006C460E /* test_case1.txt */ = {isa = PBXFileReference; fileEncoding = 4; lastKnownFileType = text; path = test_case1.txt; sourceTree = "<group>"; };
		85F947402363BBFB006C460E /* answer2.txt */ = {isa = PBXFileReference; fileEncoding = 4; lastKnownFileType = text; path = answer2.txt; sourceTree = "<group>"; };
		85F947412363BBFC006C460E /* test_case2.txt */ = {isa = PBXFileReference; fileEncoding = 4; lastKnownFileType = text; path = test_case2.txt; sourceTree = "<group>"; };
		85F947492363BC26006C460E /* answer1.txt */ = {isa = PBXFileReference; fileEncoding = 4; lastKnownFileType = text; path = answer1.txt; sourceTree = "<group>"; };
		85F9474A2363BC26006C460E /* answer2.txt */ = {isa = PBXFileReference; fileEncoding = 4; lastKnownFileType = text; path = answer2.txt; sourceTree = "<group>"; };
		85F9474B2363BC26006C460E /* test_case1.txt */ = {isa = PBXFileReference; fileEncoding = 4; lastKnownFileType = text; path = test_case1.txt; sourceTree = "<group>"; };
		85F9474C2363BC26006C460E /* test_case2.txt */ = {isa = PBXFileReference; fileEncoding = 4; lastKnownFileType = text; path = test_case2.txt; sourceTree = "<group>"; };
		85F947512363CC3B006C460E /* Lexer.h */ = {isa = PBXFileReference; lastKnownFileType = sourcecode.c.h; path = Lexer.h; sourceTree = "<group>"; };
		85F953732370D833008D5D69 /* TestRelations.mm */ = {isa = PBXFileReference; lastKnownFileType = sourcecode.cpp.objcpp; path = TestRelations.mm; sourceTree = "<group>"; };
		85F953762370E16C008D5D69 /* in44.txt */ = {isa = PBXFileReference; lastKnownFileType = text; path = in44.txt; sourceTree = "<group>"; };
		85F953772370E16C008D5D69 /* out30.txt */ = {isa = PBXFileReference; lastKnownFileType = text; path = out30.txt; sourceTree = "<group>"; };
		85F953782370E16C008D5D69 /* in41.txt */ = {isa = PBXFileReference; lastKnownFileType = text; path = in41.txt; sourceTree = "<group>"; };
		85F953792370E16C008D5D69 /* in35.txt */ = {isa = PBXFileReference; lastKnownFileType = text; path = in35.txt; sourceTree = "<group>"; };
		85F9537A2370E16C008D5D69 /* in42.txt */ = {isa = PBXFileReference; lastKnownFileType = text; path = in42.txt; sourceTree = "<group>"; };
		85F9537B2370E16C008D5D69 /* out33.txt */ = {isa = PBXFileReference; lastKnownFileType = text; path = out33.txt; sourceTree = "<group>"; };
		85F9537C2370E16C008D5D69 /* out62.txt */ = {isa = PBXFileReference; lastKnownFileType = text; path = out62.txt; sourceTree = "<group>"; };
		85F9537D2370E16C008D5D69 /* out37.txt */ = {isa = PBXFileReference; lastKnownFileType = text; path = out37.txt; sourceTree = "<group>"; };
		85F9537E2370E16D008D5D69 /* out36.txt */ = {isa = PBXFileReference; lastKnownFileType = text; path = out36.txt; sourceTree = "<group>"; };
		85F9537F2370E16D008D5D69 /* in61.txt */ = {isa = PBXFileReference; lastKnownFileType = text; path = in61.txt; sourceTree = "<group>"; };
		85F953802370E16D008D5D69 /* out35.txt */ = {isa = PBXFileReference; lastKnownFileType = text; path = out35.txt; sourceTree = "<group>"; };
		85F953812370E16D008D5D69 /* in62.txt */ = {isa = PBXFileReference; lastKnownFileType = text; path = in62.txt; sourceTree = "<group>"; };
		85F953822370E16D008D5D69 /* in30.txt */ = {isa = PBXFileReference; lastKnownFileType = text; path = in30.txt; sourceTree = "<group>"; };
		85F953832370E16D008D5D69 /* in43.txt */ = {isa = PBXFileReference; lastKnownFileType = text; path = in43.txt; sourceTree = "<group>"; };
		85F953842370E16E008D5D69 /* out43.txt */ = {isa = PBXFileReference; lastKnownFileType = text; path = out43.txt; sourceTree = "<group>"; };
		85F953852370E16E008D5D69 /* in33.txt */ = {isa = PBXFileReference; lastKnownFileType = text; path = in33.txt; sourceTree = "<group>"; };
		85F953862370E16E008D5D69 /* out61.txt */ = {isa = PBXFileReference; lastKnownFileType = text; path = out61.txt; sourceTree = "<group>"; };
		85F953872370E16E008D5D69 /* in37.txt */ = {isa = PBXFileReference; lastKnownFileType = text; path = in37.txt; sourceTree = "<group>"; };
		85F953882370E16E008D5D69 /* out42.txt */ = {isa = PBXFileReference; lastKnownFileType = text; path = out42.txt; sourceTree = "<group>"; };
		85F953892370E16E008D5D69 /* out41.txt */ = {isa = PBXFileReference; lastKnownFileType = text; path = out41.txt; sourceTree = "<group>"; };
		85F9538A2370E16E008D5D69 /* out44.txt */ = {isa = PBXFileReference; lastKnownFileType = text; path = out44.txt; sourceTree = "<group>"; };
		85F9538B2370E16E008D5D69 /* in36.txt */ = {isa = PBXFileReference; lastKnownFileType = text; path = in36.txt; sourceTree = "<group>"; };
		85F9538D2370E5D1008D5D69 /* answer8.txt */ = {isa = PBXFileReference; lastKnownFileType = text; path = answer8.txt; sourceTree = "<group>"; };
		85F9538E2370E5D1008D5D69 /* test_case8.txt */ = {isa = PBXFileReference; lastKnownFileType = text; path = test_case8.txt; sourceTree = "<group>"; };
		85F9538F2370E5D1008D5D69 /* answer4.txt */ = {isa = PBXFileReference; lastKnownFileType = text; path = answer4.txt; sourceTree = "<group>"; };
		85F953902370E5D2008D5D69 /* answer3.txt */ = {isa = PBXFileReference; lastKnownFileType = text; path = answer3.txt; sourceTree = "<group>"; };
		85F953912370E5D2008D5D69 /* answer2.txt */ = {isa = PBXFileReference; lastKnownFileType = text; path = answer2.txt; sourceTree = "<group>"; };
		85F953922370E5D2008D5D69 /* test_case1.txt */ = {isa = PBXFileReference; lastKnownFileType = text; path = test_case1.txt; sourceTree = "<group>"; };
		85F953932370E5D2008D5D69 /* test_case7.txt */ = {isa = PBXFileReference; lastKnownFileType = text; path = test_case7.txt; sourceTree = "<group>"; };
		85F953942370E5D2008D5D69 /* answer1.txt */ = {isa = PBXFileReference; lastKnownFileType = text; path = answer1.txt; sourceTree = "<group>"; };
		85F953952370E5D2008D5D69 /* answer0.txt */ = {isa = PBXFileReference; lastKnownFileType = text; path = answer0.txt; sourceTree = "<group>"; };
		85F953962370E5D2008D5D69 /* test_case0.txt */ = {isa = PBXFileReference; lastKnownFileType = text; path = test_case0.txt; sourceTree = "<group>"; };
		85F953972370E5D2008D5D69 /* test_case2.txt */ = {isa = PBXFileReference; lastKnownFileType = text; path = test_case2.txt; sourceTree = "<group>"; };
		85F953982370E5D3008D5D69 /* test_case3.txt */ = {isa = PBXFileReference; lastKnownFileType = text; path = test_case3.txt; sourceTree = "<group>"; };
		85F953992370E5D3008D5D69 /* test_case4.txt */ = {isa = PBXFileReference; lastKnownFileType = text; path = test_case4.txt; sourceTree = "<group>"; };
		85F9539A2370E5D3008D5D69 /* answer7.txt */ = {isa = PBXFileReference; lastKnownFileType = text; path = answer7.txt; sourceTree = "<group>"; };
		85F9539C2370E604008D5D69 /* test_case6.txt */ = {isa = PBXFileReference; lastKnownFileType = text; path = test_case6.txt; sourceTree = "<group>"; };
		85F9539D2370E604008D5D69 /* answer5.txt */ = {isa = PBXFileReference; lastKnownFileType = text; path = answer5.txt; sourceTree = "<group>"; };
		85F9539E2370E604008D5D69 /* answer9.txt */ = {isa = PBXFileReference; lastKnownFileType = text; path = answer9.txt; sourceTree = "<group>"; };
		85F9539F2370E604008D5D69 /* test_case9.txt */ = {isa = PBXFileReference; lastKnownFileType = text; path = test_case9.txt; sourceTree = "<group>"; };
		85F953A02370E605008D5D69 /* answer6.txt */ = {isa = PBXFileReference; lastKnownFileType = text; path = answer6.txt; sourceTree = "<group>"; };
		85F953A12370E605008D5D69 /* test_case5.txt */ = {isa = PBXFileReference; lastKnownFileType = text; path = test_case5.txt; sourceTree = "<group>"; };
		85F953A2237113FF008D5D69 /* Database.cpp */ = {isa = PBXFileReference; lastKnownFileType = sourcecode.cpp.cpp; path = Database.cpp; sourceTree = "<group>"; };
		85F953A3237113FF008D5D69 /* Database.h */ = {isa = PBXFileReference; lastKnownFileType = sourcecode.c.h; path = Database.h; sourceTree = "<group>"; };
		85F953A623711457008D5D69 /* Relation.cpp */ = {isa = PBXFileReference; lastKnownFileType = sourcecode.cpp.cpp; path = Relation.cpp; sourceTree = "<group>"; };
		85F953A723711457008D5D69 /* Relation.h */ = {isa = PBXFileReference; lastKnownFileType = sourcecode.c.h; path = Relation.h; sourceTree = "<group>"; };
		85F953A923711488008D5D69 /* Tuple.cpp */ = {isa = PBXFileReference; lastKnownFileType = sourcecode.cpp.cpp; path = Tuple.cpp; sourceTree = "<group>"; };
		85F953AA23711488008D5D69 /* Tuple.h */ = {isa = PBXFileReference; lastKnownFileType = sourcecode.c.h; path = Tuple.h; sourceTree = "<group>"; };
		85FDB0A5233EAED200A90CC8 /* DatalogCheck.cpp */ = {isa = PBXFileReference; lastKnownFileType = sourcecode.cpp.cpp; path = DatalogCheck.cpp; sourceTree = "<group>"; };
		85FDB0A6233EAED200A90CC8 /* DatalogCheck.h */ = {isa = PBXFileReference; lastKnownFileType = sourcecode.c.h; path = DatalogCheck.h; sourceTree = "<group>"; };
/* End PBXFileReference section */

/* Begin PBXFrameworksBuildPhase section */
		85D0BCF02327099E00FEE62C /* Frameworks */ = {
			isa = PBXFrameworksBuildPhase;
			buildActionMask = 2147483647;
			files = (
			);
			runOnlyForDeploymentPostprocessing = 0;
		};
		85F946D32363B6D3006C460E /* Frameworks */ = {
			isa = PBXFrameworksBuildPhase;
			buildActionMask = 2147483647;
			files = (
			);
			runOnlyForDeploymentPostprocessing = 0;
		};
/* End PBXFrameworksBuildPhase section */

/* Begin PBXGroup section */
		8548AA112367680F00D49AA3 /* Grammar Test Files */ = {
			isa = PBXGroup;
			children = (
				856F2AF72369E0F100BE23F7 /* 100 Bucket */,
				856F2AD22369DC5D00BE23F7 /* 80 Bucket */,
				856F2AA02367918F00BE23F7 /* Basic Tests */,
			);
			path = "Grammar Test Files";
			sourceTree = "<group>";
		};
		856F2AA02367918F00BE23F7 /* Basic Tests */ = {
			isa = PBXGroup;
			children = (
				856F2AAE236791A600BE23F7 /* in21.txt */,
				856F2AA4236791A400BE23F7 /* in22.txt */,
				856F2AAF236791A600BE23F7 /* in23.txt */,
				856F2AA9236791A500BE23F7 /* in24.txt */,
				856F2AAA236791A500BE23F7 /* in25.txt */,
				856F2AA5236791A500BE23F7 /* in26.txt */,
				856F2AB0236791A600BE23F7 /* in27.txt */,
				856F2AB5236791A700BE23F7 /* in28.txt */,
				856F2AB1236791A600BE23F7 /* in29.txt */,
				856F2AAD236791A600BE23F7 /* in61.txt */,
				856F2AA7236791A500BE23F7 /* in62.txt */,
				856F2AB6236791A800BE23F7 /* out21.txt */,
				856F2AAB236791A500BE23F7 /* out22.txt */,
				856F2AA1236791A400BE23F7 /* out23.txt */,
				856F2AA2236791A400BE23F7 /* out24.txt */,
				856F2AA6236791A500BE23F7 /* out25.txt */,
				856F2AAC236791A600BE23F7 /* out26.txt */,
				856F2AA8236791A500BE23F7 /* out27.txt */,
				856F2AB2236791A700BE23F7 /* out28.txt */,
				856F2AB3236791A700BE23F7 /* out29.txt */,
				856F2AA3236791A400BE23F7 /* out61.txt */,
				856F2AB4236791A700BE23F7 /* out62.txt */,
			);
			path = "Basic Tests";
			sourceTree = "<group>";
		};
		856F2AD22369DC5D00BE23F7 /* 80 Bucket */ = {
			isa = PBXGroup;
			children = (
				856F2AE22369DC7A00BE23F7 /* answer0.txt */,
				856F2AD32369DC7700BE23F7 /* answer1.txt */,
				856F2ADC2369DC7900BE23F7 /* answer2.txt */,
				856F2AE12369DC7A00BE23F7 /* answer3.txt */,
				856F2ADF2369DC7900BE23F7 /* answer4.txt */,
				856F2AD82369DC7800BE23F7 /* answer5.txt */,
				856F2AD72369DC7800BE23F7 /* answer6.txt */,
				856F2AE02369DC7900BE23F7 /* answer7.txt */,
				856F2AE32369DC7A00BE23F7 /* answer8.txt */,
				856F2ADB2369DC7800BE23F7 /* test_case0.txt */,
				856F2ADE2369DC7900BE23F7 /* test_case1.txt */,
				856F2AD42369DC7700BE23F7 /* test_case2.txt */,
				856F2ADD2369DC7900BE23F7 /* test_case3.txt */,
				856F2AE42369DC7A00BE23F7 /* test_case4.txt */,
				856F2AD52369DC7800BE23F7 /* test_case5.txt */,
				856F2AD92369DC7800BE23F7 /* test_case6.txt */,
				856F2ADA2369DC7800BE23F7 /* test_case7.txt */,
				856F2AD62369DC7800BE23F7 /* test_case8.txt */,
			);
			path = "80 Bucket";
			sourceTree = "<group>";
		};
		856F2AF72369E0F100BE23F7 /* 100 Bucket */ = {
			isa = PBXGroup;
			children = (
				856F2AFB2369E0FF00BE23F7 /* answer0.txt */,
				856F2AFC2369E0FF00BE23F7 /* answer1.txt */,
				856F2AF92369E0FE00BE23F7 /* answer2.txt */,
				856F2AFA2369E0FF00BE23F7 /* test_case0.txt */,
				856F2AFD2369E0FF00BE23F7 /* test_case1.txt */,
				856F2AF82369E0FE00BE23F7 /* test_case2.txt */,
			);
			path = "100 Bucket";
			sourceTree = "<group>";
		};
		858FB27D23845BF500E11C69 /* Join and Union Test Files */ = {
			isa = PBXGroup;
			children = (
			);
			path = "Join and Union Test Files";
			sourceTree = "<group>";
		};
		85D0BCEA2327099E00FEE62C = {
			isa = PBXGroup;
			children = (
				85D0BCF52327099E00FEE62C /* LexerV1 */,
				85F946D72363B6D3006C460E /* TestLexerV1 */,
				85D0BCF42327099E00FEE62C /* Products */,
			);
			sourceTree = "<group>";
		};
		85D0BCF42327099E00FEE62C /* Products */ = {
			isa = PBXGroup;
			children = (
				85D0BCF32327099E00FEE62C /* LexerV1 */,
				85F946D62363B6D3006C460E /* TestLexerV1.xctest */,
			);
			name = Products;
			sourceTree = "<group>";
		};
		85D0BCF52327099E00FEE62C /* LexerV1 */ = {
			isa = PBXGroup;
			children = (
				85FDB0A3233EADD500A90CC8 /* Lexer */,
				85FDB0A4233EAEB500A90CC8 /* Grammar */,
				85F953A52371141F008D5D69 /* Relational Database */,
				85D0BCF62327099E00FEE62C /* main.cpp */,
			);
			path = LexerV1;
			sourceTree = "<group>";
		};
		85F946D72363B6D3006C460E /* TestLexerV1 */ = {
			isa = PBXGroup;
			children = (
				856F2ACD2368805700BE23F7 /* LexerV1.h */,
				856F2AFE2369EA3100BE23F7 /* TestUtils.h */,
				856F2AFF2369EA3100BE23F7 /* TestUtils.m */,
				85F946DF2363BAAC006C460E /* Lexer Test Files */,
				8548AA112367680F00D49AA3 /* Grammar Test Files */,
				85F953722370D81B008D5D69 /* Relation Test Files */,
				858FB27D23845BF500E11C69 /* Join and Union Test Files */,
				85F946E02363BACD006C460E /* TestLexer.mm */,
				85F946D82363B6D3006C460E /* TestGrammar.mm */,
				85F953732370D833008D5D69 /* TestRelations.mm */,
				85F946DA2363B6D3006C460E /* Info.plist */,
			);
			path = TestLexerV1;
			sourceTree = "<group>";
		};
		85F946DF2363BAAC006C460E /* Lexer Test Files */ = {
			isa = PBXGroup;
			children = (
				85F947482363BC0C006C460E /* 100 Bucket */,
				85F9473B2363BBF0006C460E /* 90 Bucket */,
				85F947182363BBA8006C460E /* 70 Bucket */,
				85F946E32363BB69006C460E /* Basic Tests */,
			);
			path = "Lexer Test Files";
			sourceTree = "<group>";
		};
		85F946E32363BB69006C460E /* Basic Tests */ = {
			isa = PBXGroup;
			children = (
				85F946F32363BB76006C460E /* in10.txt */,
				85F946F02363BB76006C460E /* in11.txt */,
				85F946E52363BB75006C460E /* in12.txt */,
				85F946F72363BB77006C460E /* in13.txt */,
				85F946E82363BB75006C460E /* in14.txt */,
				85F946EE2363BB76006C460E /* in15.txt */,
				85F946EB2363BB75006C460E /* in16.txt */,
				85F946F92363BB77006C460E /* in17.txt */,
				85F946F42363BB77006C460E /* in18.txt */,
				85F946FC2363BB78006C460E /* in19.txt */,
				85F946E62363BB75006C460E /* in20.txt */,
				85F946F22363BB76006C460E /* in61.txt */,
				85F946F12363BB76006C460E /* in62.txt */,
				85F946FB2363BB78006C460E /* out10.txt */,
				85F946E42363BB75006C460E /* out11.txt */,
				85F946ED2363BB76006C460E /* out12.txt */,
				85F946F52363BB77006C460E /* out13.txt */,
				85F946EA2363BB75006C460E /* out14.txt */,
				85F946F82363BB77006C460E /* out15.txt */,
				85F946E72363BB75006C460E /* out16.txt */,
				85F946FD2363BB78006C460E /* out17.txt */,
				85F946FA2363BB77006C460E /* out18.txt */,
				85F946EC2363BB75006C460E /* out19.txt */,
				85F946EF2363BB76006C460E /* out20.txt */,
				85F946F62363BB77006C460E /* out61.txt */,
				85F946E92363BB75006C460E /* out62.txt */,
			);
			path = "Basic Tests";
			sourceTree = "<group>";
		};
		85F947182363BBA8006C460E /* 70 Bucket */ = {
			isa = PBXGroup;
			children = (
				85F947212363BBCF006C460E /* answer1.txt */,
				85F947272363BBD0006C460E /* answer3.txt */,
				85F947252363BBD0006C460E /* answer4.txt */,
				85F9472A2363BBD0006C460E /* answer5.txt */,
				85F947222363BBCF006C460E /* answer6.txt */,
				85F9472C2363BBD1006C460E /* answer7.txt */,
				85F947232363BBCF006C460E /* answernoway.txt */,
				85F947292363BBD0006C460E /* test_case1.txt */,
				85F947242363BBD0006C460E /* test_case3.txt */,
				85F947262363BBD0006C460E /* test_case4.txt */,
				85F9472B2363BBD0006C460E /* test_case5.txt */,
				85F947282363BBD0006C460E /* test_case6.txt */,
				85F9471F2363BBCF006C460E /* test_case7.txt */,
				85F947202363BBCF006C460E /* test_casenoway.txt */,
			);
			path = "70 Bucket";
			sourceTree = "<group>";
		};
		85F9473B2363BBF0006C460E /* 90 Bucket */ = {
			isa = PBXGroup;
			children = (
				85F9473E2363BBFB006C460E /* answer1.txt */,
				85F947402363BBFB006C460E /* answer2.txt */,
				85F9473D2363BBFB006C460E /* answer3.txt */,
				85F9473F2363BBFB006C460E /* test_case1.txt */,
				85F947412363BBFC006C460E /* test_case2.txt */,
				85F9473C2363BBFB006C460E /* test_case3.txt */,
			);
			path = "90 Bucket";
			sourceTree = "<group>";
		};
		85F947482363BC0C006C460E /* 100 Bucket */ = {
			isa = PBXGroup;
			children = (
				85F947492363BC26006C460E /* answer1.txt */,
				85F9474A2363BC26006C460E /* answer2.txt */,
				85F9474B2363BC26006C460E /* test_case1.txt */,
				85F9474C2363BC26006C460E /* test_case2.txt */,
			);
			path = "100 Bucket";
			sourceTree = "<group>";
		};
		85F953722370D81B008D5D69 /* Relation Test Files */ = {
			isa = PBXGroup;
			children = (
				85F9539B2370E5F9008D5D69 /* 100 Bucket */,
				85F9538C2370E5BC008D5D69 /* 80 Bucket */,
				85F953752370DC6B008D5D69 /* Basic Tests */,
			);
			path = "Relation Test Files";
			sourceTree = "<group>";
		};
		85F953752370DC6B008D5D69 /* Basic Tests */ = {
			isa = PBXGroup;
			children = (
				85F953822370E16D008D5D69 /* in30.txt */,
				85F953852370E16E008D5D69 /* in33.txt */,
				85F953792370E16C008D5D69 /* in35.txt */,
				85F9538B2370E16E008D5D69 /* in36.txt */,
				85F953872370E16E008D5D69 /* in37.txt */,
				85F953782370E16C008D5D69 /* in41.txt */,
				85F9537A2370E16C008D5D69 /* in42.txt */,
				85F953832370E16D008D5D69 /* in43.txt */,
				85F953762370E16C008D5D69 /* in44.txt */,
				85F9537F2370E16D008D5D69 /* in61.txt */,
				85F953812370E16D008D5D69 /* in62.txt */,
				85F953772370E16C008D5D69 /* out30.txt */,
				85F9537B2370E16C008D5D69 /* out33.txt */,
				85F953802370E16D008D5D69 /* out35.txt */,
				85F9537E2370E16D008D5D69 /* out36.txt */,
				85F9537D2370E16C008D5D69 /* out37.txt */,
				85F953892370E16E008D5D69 /* out41.txt */,
				85F953882370E16E008D5D69 /* out42.txt */,
				85F953842370E16E008D5D69 /* out43.txt */,
				85F9538A2370E16E008D5D69 /* out44.txt */,
				85F953862370E16E008D5D69 /* out61.txt */,
				85F9537C2370E16C008D5D69 /* out62.txt */,
			);
			path = "Basic Tests";
			sourceTree = "<group>";
		};
		85F9538C2370E5BC008D5D69 /* 80 Bucket */ = {
			isa = PBXGroup;
			children = (
				85F953952370E5D2008D5D69 /* answer0.txt */,
				85F953942370E5D2008D5D69 /* answer1.txt */,
				85F953912370E5D2008D5D69 /* answer2.txt */,
				85F953902370E5D2008D5D69 /* answer3.txt */,
				85F9538F2370E5D1008D5D69 /* answer4.txt */,
				85F9539A2370E5D3008D5D69 /* answer7.txt */,
				85F9538D2370E5D1008D5D69 /* answer8.txt */,
				85F953962370E5D2008D5D69 /* test_case0.txt */,
				85F953922370E5D2008D5D69 /* test_case1.txt */,
				85F953972370E5D2008D5D69 /* test_case2.txt */,
				85F953982370E5D3008D5D69 /* test_case3.txt */,
				85F953992370E5D3008D5D69 /* test_case4.txt */,
				85F953932370E5D2008D5D69 /* test_case7.txt */,
				85F9538E2370E5D1008D5D69 /* test_case8.txt */,
			);
			path = "80 Bucket";
			sourceTree = "<group>";
		};
		85F9539B2370E5F9008D5D69 /* 100 Bucket */ = {
			isa = PBXGroup;
			children = (
				85F9539D2370E604008D5D69 /* answer5.txt */,
				85F953A02370E605008D5D69 /* answer6.txt */,
				85F9539E2370E604008D5D69 /* answer9.txt */,
				85F953A12370E605008D5D69 /* test_case5.txt */,
				85F9539C2370E604008D5D69 /* test_case6.txt */,
				85F9539F2370E604008D5D69 /* test_case9.txt */,
			);
			path = "100 Bucket";
			sourceTree = "<group>";
		};
		85F953A52371141F008D5D69 /* Relational Database */ = {
			isa = PBXGroup;
			children = (
				85F953A3237113FF008D5D69 /* Database.h */,
				85F953A2237113FF008D5D69 /* Database.cpp */,
				85F953A723711457008D5D69 /* Relation.h */,
				85F953A623711457008D5D69 /* Relation.cpp */,
				85F953AA23711488008D5D69 /* Tuple.h */,
				85F953A923711488008D5D69 /* Tuple.cpp */,
			);
			name = "Relational Database";
			sourceTree = "<group>";
		};
		85FDB0A3233EADD500A90CC8 /* Lexer */ = {
			isa = PBXGroup;
			children = (
				85F947512363CC3B006C460E /* Lexer.h */,
				858C239B2329A80300526D23 /* Token.h */,
				85595AA223280362001DDD55 /* StandardTokens.h */,
				858C23A22329AEFC00526D23 /* Recognizers.h */,
				858C23A02329ACAF00526D23 /* Recognizer.h */,
				858C23A42329B36700526D23 /* OperatorRecognizer.h */,
				858C23A32329B36700526D23 /* OperatorRecognizer.cpp */,
				858C23992329A73700526D23 /* IDRecognizer.h */,
				858C23982329A73700526D23 /* IDRecognizer.cpp */,
				858C239D2329AC1A00526D23 /* StringRecognizer.h */,
				858C239C2329AC1A00526D23 /* StringRecognizer.cpp */,
				858C23A72329EA9900526D23 /* CommentRecognizer.h */,
				858C23A62329EA9900526D23 /* CommentRecognizer.cpp */,
			);
			name = Lexer;
			sourceTree = "<group>";
		};
		85FDB0A4233EAEB500A90CC8 /* Grammar */ = {
			isa = PBXGroup;
			children = (
				85FDB0A6233EAED200A90CC8 /* DatalogCheck.h */,
				85FDB0A5233EAED200A90CC8 /* DatalogCheck.cpp */,
				85BBE3F22342C328002BBB2B /* Production.h */,
				85BBE3E72342C123002BBB2B /* DatalogProgram.h */,
				85BBE3E62342C123002BBB2B /* DatalogProgram.cpp */,
				85BBE3EA2342C157002BBB2B /* Rule.h */,
				85BBE3E92342C157002BBB2B /* Rule.cpp */,
				85BBE3ED2342C175002BBB2B /* Predicate.h */,
				85BBE3EC2342C175002BBB2B /* Predicate.cpp */,
			);
			name = Grammar;
			sourceTree = "<group>";
		};
/* End PBXGroup section */

/* Begin PBXNativeTarget section */
		85D0BCF22327099E00FEE62C /* LexerV1 */ = {
			isa = PBXNativeTarget;
			buildConfigurationList = 85D0BCFA2327099E00FEE62C /* Build configuration list for PBXNativeTarget "LexerV1" */;
			buildPhases = (
				85D0BCEF2327099E00FEE62C /* Sources */,
				85D0BCF02327099E00FEE62C /* Frameworks */,
				85D0BCF12327099E00FEE62C /* CopyFiles */,
			);
			buildRules = (
			);
			dependencies = (
			);
			name = LexerV1;
			productName = LexerV1;
			productReference = 85D0BCF32327099E00FEE62C /* LexerV1 */;
			productType = "com.apple.product-type.tool";
		};
		85F946D52363B6D3006C460E /* TestLexerV1 */ = {
			isa = PBXNativeTarget;
			buildConfigurationList = 85F946DB2363B6D3006C460E /* Build configuration list for PBXNativeTarget "TestLexerV1" */;
			buildPhases = (
				85F946D22363B6D3006C460E /* Sources */,
				85F946D32363B6D3006C460E /* Frameworks */,
				85F946D42363B6D3006C460E /* Resources */,
			);
			buildRules = (
			);
			dependencies = (
			);
			name = TestLexerV1;
			productName = TestLexerV1;
			productReference = 85F946D62363B6D3006C460E /* TestLexerV1.xctest */;
			productType = "com.apple.product-type.bundle.unit-test";
		};
/* End PBXNativeTarget section */

/* Begin PBXProject section */
		85D0BCEB2327099E00FEE62C /* Project object */ = {
			isa = PBXProject;
			attributes = {
				LastSwiftUpdateCheck = 1110;
				LastUpgradeCheck = 1030;
				ORGANIZATIONNAME = "James Robinson";
				TargetAttributes = {
					85D0BCF22327099E00FEE62C = {
						CreatedOnToolsVersion = 10.3;
						LastSwiftMigration = 1110;
					};
					85F946D52363B6D3006C460E = {
						CreatedOnToolsVersion = 11.1;
					};
				};
			};
			buildConfigurationList = 85D0BCEE2327099E00FEE62C /* Build configuration list for PBXProject "LexerV1" */;
			compatibilityVersion = "Xcode 9.3";
			developmentRegion = en;
			hasScannedForEncodings = 0;
			knownRegions = (
				en,
			);
			mainGroup = 85D0BCEA2327099E00FEE62C;
			productRefGroup = 85D0BCF42327099E00FEE62C /* Products */;
			projectDirPath = "";
			projectRoot = "";
			targets = (
				85D0BCF22327099E00FEE62C /* LexerV1 */,
				85F946D52363B6D3006C460E /* TestLexerV1 */,
			);
		};
/* End PBXProject section */

/* Begin PBXResourcesBuildPhase section */
		85F946D42363B6D3006C460E /* Resources */ = {
			isa = PBXResourcesBuildPhase;
			buildActionMask = 2147483647;
			files = (
			);
			runOnlyForDeploymentPostprocessing = 0;
		};
/* End PBXResourcesBuildPhase section */

/* Begin PBXSourcesBuildPhase section */
		85D0BCEF2327099E00FEE62C /* Sources */ = {
			isa = PBXSourcesBuildPhase;
			buildActionMask = 2147483647;
			files = (
				85F953AB23711488008D5D69 /* Tuple.cpp in Sources */,
				858C23A52329B36700526D23 /* OperatorRecognizer.cpp in Sources */,
				85BBE3EE2342C175002BBB2B /* Predicate.cpp in Sources */,
				85BBE3EB2342C157002BBB2B /* Rule.cpp in Sources */,
				858C239E2329AC1A00526D23 /* StringRecognizer.cpp in Sources */,
				85FDB0A7233EAED200A90CC8 /* DatalogCheck.cpp in Sources */,
				85F953A823711457008D5D69 /* Relation.cpp in Sources */,
				858C239A2329A73700526D23 /* IDRecognizer.cpp in Sources */,
				85BBE3E82342C123002BBB2B /* DatalogProgram.cpp in Sources */,
				858C23A82329EA9900526D23 /* CommentRecognizer.cpp in Sources */,
				85F953A4237113FF008D5D69 /* Database.cpp in Sources */,
				85D0BCF72327099E00FEE62C /* main.cpp in Sources */,
			);
			runOnlyForDeploymentPostprocessing = 0;
		};
		85F946D22363B6D3006C460E /* Sources */ = {
			isa = PBXSourcesBuildPhase;
			buildActionMask = 2147483647;
			files = (
				856F2ACE2368847B00BE23F7 /* DatalogCheck.cpp in Sources */,
				85F953AD23723376008D5D69 /* Relation.cpp in Sources */,
				856F2ACF2368847B00BE23F7 /* DatalogProgram.cpp in Sources */,
				856F2AD02368847B00BE23F7 /* Rule.cpp in Sources */,
				856F2AD12368847B00BE23F7 /* Predicate.cpp in Sources */,
				85F953AC23723374008D5D69 /* Database.cpp in Sources */,
				85F947522363D009006C460E /* OperatorRecognizer.cpp in Sources */,
				85F947532363D009006C460E /* IDRecognizer.cpp in Sources */,
				85F947542363D009006C460E /* StringRecognizer.cpp in Sources */,
				85F953AE23723378008D5D69 /* Tuple.cpp in Sources */,
				856F2B002369EA3100BE23F7 /* TestUtils.m in Sources */,
				85F947552363D009006C460E /* CommentRecognizer.cpp in Sources */,
				85F953742370D833008D5D69 /* TestRelations.mm in Sources */,
				85F946E12363BACD006C460E /* TestLexer.mm in Sources */,
				85F946D92363B6D3006C460E /* TestGrammar.mm in Sources */,
			);
			runOnlyForDeploymentPostprocessing = 0;
		};
/* End PBXSourcesBuildPhase section */

/* Begin XCBuildConfiguration section */
		85D0BCF82327099E00FEE62C /* Debug */ = {
			isa = XCBuildConfiguration;
			buildSettings = {
				ALWAYS_SEARCH_USER_PATHS = NO;
				CLANG_ANALYZER_NONNULL = YES;
				CLANG_ANALYZER_NUMBER_OBJECT_CONVERSION = YES_AGGRESSIVE;
				CLANG_CXX_LANGUAGE_STANDARD = "gnu++14";
				CLANG_CXX_LIBRARY = "libc++";
				CLANG_ENABLE_MODULES = YES;
				CLANG_ENABLE_OBJC_ARC = YES;
				CLANG_ENABLE_OBJC_WEAK = YES;
				CLANG_WARN_BLOCK_CAPTURE_AUTORELEASING = YES;
				CLANG_WARN_BOOL_CONVERSION = YES;
				CLANG_WARN_COMMA = YES;
				CLANG_WARN_CONSTANT_CONVERSION = YES;
				CLANG_WARN_DEPRECATED_OBJC_IMPLEMENTATIONS = YES;
				CLANG_WARN_DIRECT_OBJC_ISA_USAGE = YES_ERROR;
				CLANG_WARN_DOCUMENTATION_COMMENTS = YES;
				CLANG_WARN_EMPTY_BODY = YES;
				CLANG_WARN_ENUM_CONVERSION = YES;
				CLANG_WARN_INFINITE_RECURSION = YES;
				CLANG_WARN_INT_CONVERSION = YES;
				CLANG_WARN_NON_LITERAL_NULL_CONVERSION = YES;
				CLANG_WARN_OBJC_IMPLICIT_RETAIN_SELF = YES;
				CLANG_WARN_OBJC_LITERAL_CONVERSION = YES;
				CLANG_WARN_OBJC_ROOT_CLASS = YES_ERROR;
				CLANG_WARN_RANGE_LOOP_ANALYSIS = YES;
				CLANG_WARN_STRICT_PROTOTYPES = YES;
				CLANG_WARN_SUSPICIOUS_MOVE = YES;
				CLANG_WARN_UNGUARDED_AVAILABILITY = YES_AGGRESSIVE;
				CLANG_WARN_UNREACHABLE_CODE = YES;
				CLANG_WARN__DUPLICATE_METHOD_MATCH = YES;
				CODE_SIGN_IDENTITY = "Mac Developer";
				COPY_PHASE_STRIP = NO;
				DEBUG_INFORMATION_FORMAT = dwarf;
				ENABLE_STRICT_OBJC_MSGSEND = YES;
				ENABLE_TESTABILITY = YES;
				GCC_C_LANGUAGE_STANDARD = gnu11;
				GCC_DYNAMIC_NO_PIC = NO;
				GCC_NO_COMMON_BLOCKS = YES;
				GCC_OPTIMIZATION_LEVEL = 0;
				GCC_PREPROCESSOR_DEFINITIONS = (
					"DEBUG=1",
					"$(inherited)",
				);
				GCC_WARN_64_TO_32_BIT_CONVERSION = YES;
				GCC_WARN_ABOUT_RETURN_TYPE = YES_ERROR;
				GCC_WARN_UNDECLARED_SELECTOR = YES;
				GCC_WARN_UNINITIALIZED_AUTOS = YES_AGGRESSIVE;
				GCC_WARN_UNUSED_FUNCTION = YES;
				GCC_WARN_UNUSED_VARIABLE = YES;
				MACOSX_DEPLOYMENT_TARGET = 10.14;
				MTL_ENABLE_DEBUG_INFO = INCLUDE_SOURCE;
				MTL_FAST_MATH = YES;
				ONLY_ACTIVE_ARCH = YES;
				SDKROOT = macosx;
			};
			name = Debug;
		};
		85D0BCF92327099E00FEE62C /* Release */ = {
			isa = XCBuildConfiguration;
			buildSettings = {
				ALWAYS_SEARCH_USER_PATHS = NO;
				CLANG_ANALYZER_NONNULL = YES;
				CLANG_ANALYZER_NUMBER_OBJECT_CONVERSION = YES_AGGRESSIVE;
				CLANG_CXX_LANGUAGE_STANDARD = "gnu++14";
				CLANG_CXX_LIBRARY = "libc++";
				CLANG_ENABLE_MODULES = YES;
				CLANG_ENABLE_OBJC_ARC = YES;
				CLANG_ENABLE_OBJC_WEAK = YES;
				CLANG_WARN_BLOCK_CAPTURE_AUTORELEASING = YES;
				CLANG_WARN_BOOL_CONVERSION = YES;
				CLANG_WARN_COMMA = YES;
				CLANG_WARN_CONSTANT_CONVERSION = YES;
				CLANG_WARN_DEPRECATED_OBJC_IMPLEMENTATIONS = YES;
				CLANG_WARN_DIRECT_OBJC_ISA_USAGE = YES_ERROR;
				CLANG_WARN_DOCUMENTATION_COMMENTS = YES;
				CLANG_WARN_EMPTY_BODY = YES;
				CLANG_WARN_ENUM_CONVERSION = YES;
				CLANG_WARN_INFINITE_RECURSION = YES;
				CLANG_WARN_INT_CONVERSION = YES;
				CLANG_WARN_NON_LITERAL_NULL_CONVERSION = YES;
				CLANG_WARN_OBJC_IMPLICIT_RETAIN_SELF = YES;
				CLANG_WARN_OBJC_LITERAL_CONVERSION = YES;
				CLANG_WARN_OBJC_ROOT_CLASS = YES_ERROR;
				CLANG_WARN_RANGE_LOOP_ANALYSIS = YES;
				CLANG_WARN_STRICT_PROTOTYPES = YES;
				CLANG_WARN_SUSPICIOUS_MOVE = YES;
				CLANG_WARN_UNGUARDED_AVAILABILITY = YES_AGGRESSIVE;
				CLANG_WARN_UNREACHABLE_CODE = YES;
				CLANG_WARN__DUPLICATE_METHOD_MATCH = YES;
				CODE_SIGN_IDENTITY = "Mac Developer";
				COPY_PHASE_STRIP = NO;
				DEBUG_INFORMATION_FORMAT = "dwarf-with-dsym";
				ENABLE_NS_ASSERTIONS = NO;
				ENABLE_STRICT_OBJC_MSGSEND = YES;
				GCC_C_LANGUAGE_STANDARD = gnu11;
				GCC_NO_COMMON_BLOCKS = YES;
				GCC_WARN_64_TO_32_BIT_CONVERSION = YES;
				GCC_WARN_ABOUT_RETURN_TYPE = YES_ERROR;
				GCC_WARN_UNDECLARED_SELECTOR = YES;
				GCC_WARN_UNINITIALIZED_AUTOS = YES_AGGRESSIVE;
				GCC_WARN_UNUSED_FUNCTION = YES;
				GCC_WARN_UNUSED_VARIABLE = YES;
				MACOSX_DEPLOYMENT_TARGET = 10.14;
				MTL_ENABLE_DEBUG_INFO = NO;
				MTL_FAST_MATH = YES;
				SDKROOT = macosx;
			};
			name = Release;
		};
		85D0BCFB2327099E00FEE62C /* Debug */ = {
			isa = XCBuildConfiguration;
			buildSettings = {
				CLANG_CXX_LANGUAGE_STANDARD = "c++17";
				CLANG_ENABLE_MODULES = YES;
				CODE_SIGN_STYLE = Automatic;
				DEVELOPMENT_TEAM = WS443QRDMF;
				GCC_INLINES_ARE_PRIVATE_EXTERN = NO;
				HEADER_SEARCH_PATHS = (
					$SRCROOT,
					/usr/local/include,
				);
				LD_RUNPATH_SEARCH_PATHS = (
					"$(inherited)",
					"@executable_path/../Frameworks",
					"@loader_path/../Frameworks",
				);
				LIBRARY_SEARCH_PATHS = /usr/local/lib;
				PRODUCT_NAME = "$(TARGET_NAME)";
				SWIFT_OBJC_BRIDGING_HEADER = "Tests/LexerV1-Bridging-Header.h";
				SWIFT_OPTIMIZATION_LEVEL = "-Onone";
				SWIFT_VERSION = 5.0;
				WARNING_CFLAGS = (
					"-Wall",
					"-Werror",
				);
			};
			name = Debug;
		};
		85D0BCFC2327099E00FEE62C /* Release */ = {
			isa = XCBuildConfiguration;
			buildSettings = {
				CLANG_CXX_LANGUAGE_STANDARD = "c++17";
				CLANG_ENABLE_MODULES = YES;
				CODE_SIGN_STYLE = Automatic;
				DEVELOPMENT_TEAM = WS443QRDMF;
				GCC_INLINES_ARE_PRIVATE_EXTERN = NO;
				HEADER_SEARCH_PATHS = (
					$SRCROOT,
					/usr/local/include,
				);
				LD_RUNPATH_SEARCH_PATHS = (
					"$(inherited)",
					"@executable_path/../Frameworks",
					"@loader_path/../Frameworks",
				);
				LIBRARY_SEARCH_PATHS = /usr/local/lib;
				PRODUCT_NAME = "$(TARGET_NAME)";
				SWIFT_OBJC_BRIDGING_HEADER = "Tests/LexerV1-Bridging-Header.h";
				SWIFT_VERSION = 5.0;
				WARNING_CFLAGS = (
					"-Wall",
					"-Werror",
				);
			};
			name = Release;
		};
		85F946DC2363B6D3006C460E /* Debug */ = {
			isa = XCBuildConfiguration;
			buildSettings = {
				CLANG_CXX_LANGUAGE_STANDARD = "c++17";
				CODE_SIGN_STYLE = Automatic;
				COMBINE_HIDPI_IMAGES = YES;
				DEVELOPMENT_TEAM = WS443QRDMF;
				GCC_INLINES_ARE_PRIVATE_EXTERN = NO;
				HEADER_SEARCH_PATHS = (
					$SRCROOT,
					/usr/local/include,
				);
				INFOPLIST_FILE = TestLexerV1/Info.plist;
				LD_RUNPATH_SEARCH_PATHS = (
					"$(inherited)",
					"@executable_path/../Frameworks",
					"@loader_path/../Frameworks",
				);
				LIBRARY_SEARCH_PATHS = /usr/local/lib;
				MACOSX_DEPLOYMENT_TARGET = 10.15;
				PRODUCT_BUNDLE_IDENTIFIER = self.jamesrobinson.TestLexerV1;
				PRODUCT_NAME = "$(TARGET_NAME)";
				WARNING_CFLAGS = (
					"-Wall",
					"-Werror",
				);
			};
			name = Debug;
		};
		85F946DD2363B6D3006C460E /* Release */ = {
			isa = XCBuildConfiguration;
			buildSettings = {
				CLANG_CXX_LANGUAGE_STANDARD = "c++17";
				CODE_SIGN_STYLE = Automatic;
				COMBINE_HIDPI_IMAGES = YES;
				DEVELOPMENT_TEAM = WS443QRDMF;
				GCC_INLINES_ARE_PRIVATE_EXTERN = NO;
				HEADER_SEARCH_PATHS = (
					$SRCROOT,
					/usr/local/include,
				);
				INFOPLIST_FILE = TestLexerV1/Info.plist;
				LD_RUNPATH_SEARCH_PATHS = (
					"$(inherited)",
					"@executable_path/../Frameworks",
					"@loader_path/../Frameworks",
				);
				LIBRARY_SEARCH_PATHS = /usr/local/lib;
				MACOSX_DEPLOYMENT_TARGET = 10.15;
				PRODUCT_BUNDLE_IDENTIFIER = self.jamesrobinson.TestLexerV1;
				PRODUCT_NAME = "$(TARGET_NAME)";
				WARNING_CFLAGS = (
					"-Wall",
					"-Werror",
				);
			};
			name = Release;
		};
/* End XCBuildConfiguration section */

/* Begin XCConfigurationList section */
		85D0BCEE2327099E00FEE62C /* Build configuration list for PBXProject "LexerV1" */ = {
			isa = XCConfigurationList;
			buildConfigurations = (
				85D0BCF82327099E00FEE62C /* Debug */,
				85D0BCF92327099E00FEE62C /* Release */,
			);
			defaultConfigurationIsVisible = 0;
			defaultConfigurationName = Release;
		};
		85D0BCFA2327099E00FEE62C /* Build configuration list for PBXNativeTarget "LexerV1" */ = {
			isa = XCConfigurationList;
			buildConfigurations = (
				85D0BCFB2327099E00FEE62C /* Debug */,
				85D0BCFC2327099E00FEE62C /* Release */,
			);
			defaultConfigurationIsVisible = 0;
			defaultConfigurationName = Release;
		};
		85F946DB2363B6D3006C460E /* Build configuration list for PBXNativeTarget "TestLexerV1" */ = {
			isa = XCConfigurationList;
			buildConfigurations = (
				85F946DC2363B6D3006C460E /* Debug */,
				85F946DD2363B6D3006C460E /* Release */,
			);
			defaultConfigurationIsVisible = 0;
			defaultConfigurationName = Release;
		};
/* End XCConfigurationList section */
	};
	rootObject = 85D0BCEB2327099E00FEE62C /* Project object */;
}
